// !$*UTF8*$!
{
	archiveVersion = 1;
	classes = {
	};
	objectVersion = 46;
	objects = {

/* Begin PBXBuildFile section */
		2FD3D543C8F5696BC73F0F8C /* libPods.a in Frameworks */ = {isa = PBXBuildFile; fileRef = 22989AFAE0B48B076A2E6DEF /* libPods.a */; };
		EB077A141AA44443008501E6 /* Weather.m in Sources */ = {isa = PBXBuildFile; fileRef = EB077A131AA44443008501E6 /* Weather.m */; };
		EB077A1D1AA47619008501E6 /* City.m in Sources */ = {isa = PBXBuildFile; fileRef = EB077A1C1AA47619008501E6 /* City.m */; };
		EB077A201AA485AB008501E6 /* WeatherImage.m in Sources */ = {isa = PBXBuildFile; fileRef = EB077A1F1AA485AB008501E6 /* WeatherImage.m */; };
		EB3D86BC1AA8D40C00239289 /* Constants.m in Sources */ = {isa = PBXBuildFile; fileRef = EB3D86BB1AA8D40C00239289 /* Constants.m */; };
		EB3D86C71AA8D4A700239289 /* DatabaseManager.m in Sources */ = {isa = PBXBuildFile; fileRef = EB3D86C11AA8D4A700239289 /* DatabaseManager.m */; };
		EB3D86C81AA8D4A700239289 /* DBWeather.m in Sources */ = {isa = PBXBuildFile; fileRef = EB3D86C31AA8D4A700239289 /* DBWeather.m */; };
		EB3D86C91AA8D4A700239289 /* WeatherClient.m in Sources */ = {isa = PBXBuildFile; fileRef = EB3D86C61AA8D4A700239289 /* WeatherClient.m */; };
		EB3D86CD1AA8D4D100239289 /* MyLocationManager.m in Sources */ = {isa = PBXBuildFile; fileRef = EB3D86CC1AA8D4D100239289 /* MyLocationManager.m */; };
		EB3D86DB1AA8D57500239289 /* NSDate+Format.m in Sources */ = {isa = PBXBuildFile; fileRef = EB3D86D11AA8D57500239289 /* NSDate+Format.m */; };
		EB3D86DC1AA8D57500239289 /* Forecast+Utilities.m in Sources */ = {isa = PBXBuildFile; fileRef = EB3D86D41AA8D57500239289 /* Forecast+Utilities.m */; };
		EB3D86DD1AA8D57500239289 /* UIImage+Utilities.m in Sources */ = {isa = PBXBuildFile; fileRef = EB3D86D71AA8D57500239289 /* UIImage+Utilities.m */; };
		EB3D86DE1AA8D57500239289 /* Weather+Utilities.m in Sources */ = {isa = PBXBuildFile; fileRef = EB3D86DA1AA8D57500239289 /* Weather+Utilities.m */; };
		EB42A6631AA9AEFC009F6180 /* Icon.png in Resources */ = {isa = PBXBuildFile; fileRef = EBAB5B2E1AA1806A00A0DBDF /* Icon.png */; };
		EB42A6641AA9AEFC009F6180 /* Button.png in Resources */ = {isa = PBXBuildFile; fileRef = EBAB5B311AA1806A00A0DBDF /* Button.png */; };
		EB42A6651AA9AEFC009F6180 /* Button@2x.png in Resources */ = {isa = PBXBuildFile; fileRef = EBAB5B321AA1806A00A0DBDF /* Button@2x.png */; };
		EB42A6661AA9AEFC009F6180 /* Button@3x.png in Resources */ = {isa = PBXBuildFile; fileRef = EBAB5B331AA1806A00A0DBDF /* Button@3x.png */; };
		EB42A6671AA9AEFC009F6180 /* CL.png in Resources */ = {isa = PBXBuildFile; fileRef = EBAB5B341AA1806A00A0DBDF /* CL.png */; };
		EB42A6681AA9AEFC009F6180 /* CL@2x.png in Resources */ = {isa = PBXBuildFile; fileRef = EBAB5B351AA1806A00A0DBDF /* CL@2x.png */; };
		EB42A6691AA9AEFC009F6180 /* CL@3x.png in Resources */ = {isa = PBXBuildFile; fileRef = EBAB5B361AA1806A00A0DBDF /* CL@3x.png */; };
		EB42A66A1AA9AEFC009F6180 /* Close.png in Resources */ = {isa = PBXBuildFile; fileRef = EBAB5B371AA1806A00A0DBDF /* Close.png */; };
		EB42A66B1AA9AEFC009F6180 /* Close@2x.png in Resources */ = {isa = PBXBuildFile; fileRef = EBAB5B381AA1806A00A0DBDF /* Close@2x.png */; };
		EB42A66C1AA9AEFC009F6180 /* Close@3x.png in Resources */ = {isa = PBXBuildFile; fileRef = EBAB5B391AA1806A00A0DBDF /* Close@3x.png */; };
		EB42A66D1AA9AEFC009F6180 /* CS.png in Resources */ = {isa = PBXBuildFile; fileRef = EBAB5B3A1AA1806A00A0DBDF /* CS.png */; };
		EB42A66E1AA9AEFC009F6180 /* CS@2x.png in Resources */ = {isa = PBXBuildFile; fileRef = EBAB5B3B1AA1806A00A0DBDF /* CS@2x.png */; };
		EB42A66F1AA9AEFC009F6180 /* CS@3x.png in Resources */ = {isa = PBXBuildFile; fileRef = EBAB5B3C1AA1806A00A0DBDF /* CS@3x.png */; };
		EB42A6731AA9AEFC009F6180 /* Delete.png in Resources */ = {isa = PBXBuildFile; fileRef = EBAB5B401AA1806A00A0DBDF /* Delete.png */; };
		EB42A6741AA9AEFC009F6180 /* Delete@2x.png in Resources */ = {isa = PBXBuildFile; fileRef = EBAB5B411AA1806A00A0DBDF /* Delete@2x.png */; };
		EB42A6751AA9AEFC009F6180 /* Delete@3x.png in Resources */ = {isa = PBXBuildFile; fileRef = EBAB5B421AA1806A00A0DBDF /* Delete@3x.png */; };
		EB42A6761AA9AEFC009F6180 /* DeleteIcon.png in Resources */ = {isa = PBXBuildFile; fileRef = EBAB5B431AA1806A00A0DBDF /* DeleteIcon.png */; };
		EB42A6771AA9AEFC009F6180 /* DeleteIcon@2x.png in Resources */ = {isa = PBXBuildFile; fileRef = EBAB5B441AA1806A00A0DBDF /* DeleteIcon@2x.png */; };
		EB42A6781AA9AEFC009F6180 /* DeleteIcon@3x.png in Resources */ = {isa = PBXBuildFile; fileRef = EBAB5B451AA1806A00A0DBDF /* DeleteIcon@3x.png */; };
		EB42A67C1AA9AEFC009F6180 /* Input.png in Resources */ = {isa = PBXBuildFile; fileRef = EBAB5B491AA1806A00A0DBDF /* Input.png */; };
		EB42A67D1AA9AEFC009F6180 /* Input@2x.png in Resources */ = {isa = PBXBuildFile; fileRef = EBAB5B4A1AA1806A00A0DBDF /* Input@2x.png */; };
		EB42A67E1AA9AEFC009F6180 /* Input@3x.png in Resources */ = {isa = PBXBuildFile; fileRef = EBAB5B4B1AA1806A00A0DBDF /* Input@3x.png */; };
		EB42A67F1AA9AEFC009F6180 /* NLine.png in Resources */ = {isa = PBXBuildFile; fileRef = EBAB5B4C1AA1806A00A0DBDF /* NLine.png */; };
		EB42A6801AA9AEFC009F6180 /* NLine@2x.png in Resources */ = {isa = PBXBuildFile; fileRef = EBAB5B4D1AA1806A00A0DBDF /* NLine@2x.png */; };
		EB42A6811AA9AEFC009F6180 /* NLine@3x.png in Resources */ = {isa = PBXBuildFile; fileRef = EBAB5B4E1AA1806A00A0DBDF /* NLine@3x.png */; };
		EB42A6821AA9AEFC009F6180 /* Location_Divider.png in Resources */ = {isa = PBXBuildFile; fileRef = EBAB5B4F1AA1806A00A0DBDF /* Location_Divider.png */; };
		EB42A6831AA9AEFC009F6180 /* Location_Divider@2x.png in Resources */ = {isa = PBXBuildFile; fileRef = EBAB5B501AA1806A00A0DBDF /* Location_Divider@2x.png */; };
		EB42A6841AA9AEFC009F6180 /* Location_divider@3x.png in Resources */ = {isa = PBXBuildFile; fileRef = EBAB5B511AA1806A00A0DBDF /* Location_divider@3x.png */; };
		EB42A6851AA9AEFC009F6180 /* Search.png in Resources */ = {isa = PBXBuildFile; fileRef = EBAB5B521AA1806A00A0DBDF /* Search.png */; };
		EB42A6861AA9AEFC009F6180 /* Search@2x.png in Resources */ = {isa = PBXBuildFile; fileRef = EBAB5B531AA1806A00A0DBDF /* Search@2x.png */; };
		EB42A6871AA9AEFC009F6180 /* Search@3x.png in Resources */ = {isa = PBXBuildFile; fileRef = EBAB5B541AA1806A00A0DBDF /* Search@3x.png */; };
		EB42A68B1AA9AEFC009F6180 /* White-Overlay.png in Resources */ = {isa = PBXBuildFile; fileRef = EBAB5B581AA1806A00A0DBDF /* White-Overlay.png */; };
		EB42A68C1AA9AEFC009F6180 /* White-Overlay@2x.png in Resources */ = {isa = PBXBuildFile; fileRef = EBAB5B591AA1806A00A0DBDF /* White-Overlay@2x.png */; };
		EB42A68D1AA9AEFC009F6180 /* White-Overlay@3x.png in Resources */ = {isa = PBXBuildFile; fileRef = EBAB5B5A1AA1806A00A0DBDF /* White-Overlay@3x.png */; };
		EB42A6911AA9AEFC009F6180 /* Bar.png in Resources */ = {isa = PBXBuildFile; fileRef = EBAB5B651AA1806A00A0DBDF /* Bar.png */; };
		EB42A6921AA9AEFC009F6180 /* Bar@2x.png in Resources */ = {isa = PBXBuildFile; fileRef = EBAB5B661AA1806A00A0DBDF /* Bar@2x.png */; };
		EB42A6931AA9AEFC009F6180 /* Bar@3x.png in Resources */ = {isa = PBXBuildFile; fileRef = EBAB5B671AA1806A00A0DBDF /* Bar@3x.png */; };
		EB42A6941AA9AEFC009F6180 /* divider-bottom.png in Resources */ = {isa = PBXBuildFile; fileRef = EBAB5B681AA1806A00A0DBDF /* divider-bottom.png */; };
		EB42A6951AA9AEFC009F6180 /* divider-bottom@2x.png in Resources */ = {isa = PBXBuildFile; fileRef = EBAB5B691AA1806A00A0DBDF /* divider-bottom@2x.png */; };
		EB42A6961AA9AEFC009F6180 /* divider-bottom@3x.png in Resources */ = {isa = PBXBuildFile; fileRef = EBAB5B6A1AA1806A00A0DBDF /* divider-bottom@3x.png */; };
		EB42A6971AA9AEFC009F6180 /* divider-mid.png in Resources */ = {isa = PBXBuildFile; fileRef = EBAB5B6B1AA1806A00A0DBDF /* divider-mid.png */; };
		EB42A6981AA9AEFC009F6180 /* divider-mid@2x.png in Resources */ = {isa = PBXBuildFile; fileRef = EBAB5B6C1AA1806A00A0DBDF /* divider-mid@2x.png */; };
		EB42A6991AA9AEFC009F6180 /* divider-mid@3x.png in Resources */ = {isa = PBXBuildFile; fileRef = EBAB5B6D1AA1806A00A0DBDF /* divider-mid@3x.png */; };
		EB42A69A1AA9AEFC009F6180 /* divider-top.png in Resources */ = {isa = PBXBuildFile; fileRef = EBAB5B6E1AA1806A00A0DBDF /* divider-top.png */; };
		EB42A69B1AA9AEFC009F6180 /* divider-top@2x.png in Resources */ = {isa = PBXBuildFile; fileRef = EBAB5B6F1AA1806A00A0DBDF /* divider-top@2x.png */; };
		EB42A69C1AA9AEFC009F6180 /* divider-top@3x.png in Resources */ = {isa = PBXBuildFile; fileRef = EBAB5B701AA1806A00A0DBDF /* divider-top@3x.png */; };
		EB42A69D1AA9AEFC009F6180 /* Forecast.png in Resources */ = {isa = PBXBuildFile; fileRef = EBAB5B711AA1806A00A0DBDF /* Forecast.png */; };
		EB42A69E1AA9AEFC009F6180 /* Forecast@2x.png in Resources */ = {isa = PBXBuildFile; fileRef = EBAB5B721AA1806A00A0DBDF /* Forecast@2x.png */; };
		EB42A69F1AA9AEFC009F6180 /* Forecast@3x.png in Resources */ = {isa = PBXBuildFile; fileRef = EBAB5B731AA1806A00A0DBDF /* Forecast@3x.png */; };
		EB42A6A31AA9AEFC009F6180 /* Settings.png in Resources */ = {isa = PBXBuildFile; fileRef = EBAB5B771AA1806A00A0DBDF /* Settings.png */; };
		EB42A6A41AA9AEFC009F6180 /* Settings@2x.png in Resources */ = {isa = PBXBuildFile; fileRef = EBAB5B781AA1806A00A0DBDF /* Settings@2x.png */; };
		EB42A6A51AA9AEFC009F6180 /* Settings@3x.png in Resources */ = {isa = PBXBuildFile; fileRef = EBAB5B791AA1806A00A0DBDF /* Settings@3x.png */; };
		EB42A6A61AA9AEFC009F6180 /* Today.png in Resources */ = {isa = PBXBuildFile; fileRef = EBAB5B7A1AA1806A00A0DBDF /* Today.png */; };
		EB42A6A71AA9AEFC009F6180 /* Today@2x.png in Resources */ = {isa = PBXBuildFile; fileRef = EBAB5B7B1AA1806A00A0DBDF /* Today@2x.png */; };
		EB42A6A81AA9AEFC009F6180 /* Today@3x.png in Resources */ = {isa = PBXBuildFile; fileRef = EBAB5B7C1AA1806A00A0DBDF /* Today@3x.png */; };
		EB42A6AC1AA9AEFC009F6180 /* Celcius.png in Resources */ = {isa = PBXBuildFile; fileRef = EBAB5B821AA1806A00A0DBDF /* Celcius.png */; };
		EB42A6AD1AA9AEFC009F6180 /* Celcius@2x.png in Resources */ = {isa = PBXBuildFile; fileRef = EBAB5B831AA1806A00A0DBDF /* Celcius@2x.png */; };
		EB42A6AE1AA9AEFC009F6180 /* Celcius@3x.png in Resources */ = {isa = PBXBuildFile; fileRef = EBAB5B841AA1806A00A0DBDF /* Celcius@3x.png */; };
		EB42A6AF1AA9AEFC009F6180 /* Cloudy_Big.png in Resources */ = {isa = PBXBuildFile; fileRef = EBAB5B851AA1806A00A0DBDF /* Cloudy_Big.png */; };
		EB42A6B01AA9AEFC009F6180 /* Cloudy_Big@2x.png in Resources */ = {isa = PBXBuildFile; fileRef = EBAB5B861AA1806A00A0DBDF /* Cloudy_Big@2x.png */; };
		EB42A6B11AA9AEFC009F6180 /* Cloudy_Big@3x.png in Resources */ = {isa = PBXBuildFile; fileRef = EBAB5B871AA1806A00A0DBDF /* Cloudy_Big@3x.png */; };
		EB42A6B21AA9AEFC009F6180 /* Compass.png in Resources */ = {isa = PBXBuildFile; fileRef = EBAB5B881AA1806A00A0DBDF /* Compass.png */; };
		EB42A6B31AA9AEFC009F6180 /* Compass@2x.png in Resources */ = {isa = PBXBuildFile; fileRef = EBAB5B891AA1806A00A0DBDF /* Compass@2x.png */; };
		EB42A6B41AA9AEFC009F6180 /* Compass@3x.png in Resources */ = {isa = PBXBuildFile; fileRef = EBAB5B8A1AA1806A00A0DBDF /* Compass@3x.png */; };
		EB42A6B51AA9AEFC009F6180 /* CR.png in Resources */ = {isa = PBXBuildFile; fileRef = EBAB5B8B1AA1806A00A0DBDF /* CR.png */; };
		EB42A6B61AA9AEFC009F6180 /* CR@2x.png in Resources */ = {isa = PBXBuildFile; fileRef = EBAB5B8C1AA1806A00A0DBDF /* CR@2x.png */; };
		EB42A6B71AA9AEFC009F6180 /* CR@3x.png in Resources */ = {isa = PBXBuildFile; fileRef = EBAB5B8D1AA1806A00A0DBDF /* CR@3x.png */; };
		EB42A6B81AA9AEFC009F6180 /* Current.png in Resources */ = {isa = PBXBuildFile; fileRef = EBAB5B8E1AA1806A00A0DBDF /* Current.png */; };
		EB42A6B91AA9AEFC009F6180 /* Current@2x.png in Resources */ = {isa = PBXBuildFile; fileRef = EBAB5B8F1AA1806A00A0DBDF /* Current@2x.png */; };
		EB42A6BA1AA9AEFC009F6180 /* Current@3x.png in Resources */ = {isa = PBXBuildFile; fileRef = EBAB5B901AA1806A00A0DBDF /* Current@3x.png */; };
		EB42A6BB1AA9AEFC009F6180 /* Divider.png in Resources */ = {isa = PBXBuildFile; fileRef = EBAB5B911AA1806A00A0DBDF /* Divider.png */; };
		EB42A6BC1AA9AEFC009F6180 /* Divider@2x.png in Resources */ = {isa = PBXBuildFile; fileRef = EBAB5B921AA1806A00A0DBDF /* Divider@2x.png */; };
		EB42A6BD1AA9AEFC009F6180 /* Divider@3x.png in Resources */ = {isa = PBXBuildFile; fileRef = EBAB5B931AA1806A00A0DBDF /* Divider@3x.png */; };
		EB42A6C11AA9AEFC009F6180 /* Lightning_Big.png in Resources */ = {isa = PBXBuildFile; fileRef = EBAB5B971AA1806A00A0DBDF /* Lightning_Big.png */; };
		EB42A6C21AA9AEFC009F6180 /* Lightning_Big@2x.png in Resources */ = {isa = PBXBuildFile; fileRef = EBAB5B981AA1806A00A0DBDF /* Lightning_Big@2x.png */; };
		EB42A6C31AA9AEFC009F6180 /* Lightning_Big@3x.png in Resources */ = {isa = PBXBuildFile; fileRef = EBAB5B991AA1806A00A0DBDF /* Lightning_Big@3x.png */; };
		EB42A6C41AA9AEFC009F6180 /* Line.png in Resources */ = {isa = PBXBuildFile; fileRef = EBAB5B9A1AA1806A00A0DBDF /* Line.png */; };
		EB42A6C51AA9AEFC009F6180 /* Line@2x.png in Resources */ = {isa = PBXBuildFile; fileRef = EBAB5B9B1AA1806A00A0DBDF /* Line@2x.png */; };
		EB42A6C61AA9AEFC009F6180 /* Line@3x.png in Resources */ = {isa = PBXBuildFile; fileRef = EBAB5B9C1AA1806A00A0DBDF /* Line@3x.png */; };
		EB42A6C71AA9AEFC009F6180 /* Location.png in Resources */ = {isa = PBXBuildFile; fileRef = EBAB5B9D1AA1806A00A0DBDF /* Location.png */; };
		EB42A6C81AA9AEFC009F6180 /* Location@2x.png in Resources */ = {isa = PBXBuildFile; fileRef = EBAB5B9E1AA1806A00A0DBDF /* Location@2x.png */; };
		EB42A6C91AA9AEFC009F6180 /* Location@3x.png in Resources */ = {isa = PBXBuildFile; fileRef = EBAB5B9F1AA1806A00A0DBDF /* Location@3x.png */; };
		EB42A6CA1AA9AEFC009F6180 /* Rain.png in Resources */ = {isa = PBXBuildFile; fileRef = EBAB5BA01AA1806A00A0DBDF /* Rain.png */; };
		EB42A6CB1AA9AEFC009F6180 /* Rain@2x.png in Resources */ = {isa = PBXBuildFile; fileRef = EBAB5BA11AA1806A00A0DBDF /* Rain@2x.png */; };
		EB42A6CC1AA9AEFC009F6180 /* Rain@3x.png in Resources */ = {isa = PBXBuildFile; fileRef = EBAB5BA21AA1806A00A0DBDF /* Rain@3x.png */; };
		EB42A6D01AA9AEFC009F6180 /* Sun.png in Resources */ = {isa = PBXBuildFile; fileRef = EBAB5BA61AA1806A00A0DBDF /* Sun.png */; };
		EB42A6D11AA9AEFC009F6180 /* Sun@2x.png in Resources */ = {isa = PBXBuildFile; fileRef = EBAB5BA71AA1806A00A0DBDF /* Sun@2x.png */; };
		EB42A6D21AA9AEFC009F6180 /* Sun@3x.png in Resources */ = {isa = PBXBuildFile; fileRef = EBAB5BA81AA1806A00A0DBDF /* Sun@3x.png */; };
		EB42A6D31AA9AEFC009F6180 /* Sun_Big.png in Resources */ = {isa = PBXBuildFile; fileRef = EBAB5BA91AA1806A00A0DBDF /* Sun_Big.png */; };
		EB42A6D41AA9AEFC009F6180 /* Sun_Big@2x.png in Resources */ = {isa = PBXBuildFile; fileRef = EBAB5BAA1AA1806A00A0DBDF /* Sun_Big@2x.png */; };
		EB42A6D51AA9AEFC009F6180 /* Sun_Big@3x.png in Resources */ = {isa = PBXBuildFile; fileRef = EBAB5BAB1AA1806A00A0DBDF /* Sun_Big@3x.png */; };
		EB42A6D61AA9AEFC009F6180 /* Wind.png in Resources */ = {isa = PBXBuildFile; fileRef = EBAB5BAC1AA1806A00A0DBDF /* Wind.png */; };
		EB42A6D71AA9AEFC009F6180 /* Wind@2x.png in Resources */ = {isa = PBXBuildFile; fileRef = EBAB5BAD1AA1806A00A0DBDF /* Wind@2x.png */; };
		EB42A6D81AA9AEFC009F6180 /* Wind@3x.png in Resources */ = {isa = PBXBuildFile; fileRef = EBAB5BAE1AA1806A00A0DBDF /* Wind@3x.png */; };
		EB42A6D91AA9AEFC009F6180 /* WInd_Big.png in Resources */ = {isa = PBXBuildFile; fileRef = EBAB5BAF1AA1806A00A0DBDF /* WInd_Big.png */; };
		EB42A6DA1AA9AEFC009F6180 /* WInd_Big@2x.png in Resources */ = {isa = PBXBuildFile; fileRef = EBAB5BB01AA1806A00A0DBDF /* WInd_Big@2x.png */; };
		EB42A6DB1AA9AEFC009F6180 /* WInd_Big@3x.png in Resources */ = {isa = PBXBuildFile; fileRef = EBAB5BB11AA1806A00A0DBDF /* WInd_Big@3x.png */; };
		EB5C52591AA3326F005A347F /* WEATodayViewController.m in Sources */ = {isa = PBXBuildFile; fileRef = EB5C52581AA3326F005A347F /* WEATodayViewController.m */; };
		EBAA1E251AA4E2E400AAA031 /* Images.xcassets in Resources */ = {isa = PBXBuildFile; fileRef = EBAA1E241AA4E2E400AAA031 /* Images.xcassets */; };
		EBAA1E281AA4EDAC00AAA031 /* WEAForecastTableViewController.m in Sources */ = {isa = PBXBuildFile; fileRef = EBAA1E271AA4EDAC00AAA031 /* WEAForecastTableViewController.m */; };
		EBAA1E2C1AA4EE7F00AAA031 /* CellForecastTableViewCell.m in Sources */ = {isa = PBXBuildFile; fileRef = EBAA1E2B1AA4EE7F00AAA031 /* CellForecastTableViewCell.m */; };
		EBAA1E371AA59E5700AAA031 /* WEALocationTableViewController.m in Sources */ = {isa = PBXBuildFile; fileRef = EBAA1E361AA59E5700AAA031 /* WEALocationTableViewController.m */; };
		EBAA1E3D1AA6032B00AAA031 /* LocationTableViewCell.m in Sources */ = {isa = PBXBuildFile; fileRef = EBAA1E3C1AA6032B00AAA031 /* LocationTableViewCell.m */; };
		EBAB5AEA1AA1801300A0DBDF /* main.m in Sources */ = {isa = PBXBuildFile; fileRef = EBAB5AE91AA1801300A0DBDF /* main.m */; };
		EBAB5AED1AA1801300A0DBDF /* AppDelegate.m in Sources */ = {isa = PBXBuildFile; fileRef = EBAB5AEC1AA1801300A0DBDF /* AppDelegate.m */; };
		EBAB5AF31AA1801300A0DBDF /* Main.storyboard in Resources */ = {isa = PBXBuildFile; fileRef = EBAB5AF11AA1801300A0DBDF /* Main.storyboard */; };
		EBAB5AF81AA1801300A0DBDF /* LaunchScreen.xib in Resources */ = {isa = PBXBuildFile; fileRef = EBAB5AF61AA1801300A0DBDF /* LaunchScreen.xib */; };
		EBAB5B041AA1801300A0DBDF /* Weather_forecastTests.m in Sources */ = {isa = PBXBuildFile; fileRef = EBAB5B031AA1801300A0DBDF /* Weather_forecastTests.m */; };
		EBCAA7DA1AA73460006BF8CF /* weather.sqlite in Resources */ = {isa = PBXBuildFile; fileRef = EBCAA7D91AA733ED006BF8CF /* weather.sqlite */; };
		EBCAA7E71AA788F0006BF8CF /* Forecast.m in Sources */ = {isa = PBXBuildFile; fileRef = EBCAA7E61AA788F0006BF8CF /* Forecast.m */; };
		EBCAA7EB1AA86149006BF8CF /* WEAGeneralSettingsTableViewController.m in Sources */ = {isa = PBXBuildFile; fileRef = EBCAA7EA1AA86149006BF8CF /* WEAGeneralSettingsTableViewController.m */; };
		EBCAA7F11AA875AD006BF8CF /* WEAChooseSettingsTableViewController.m in Sources */ = {isa = PBXBuildFile; fileRef = EBCAA7F01AA875AD006BF8CF /* WEAChooseSettingsTableViewController.m */; };
		EBEF052D1AAF7DC600BFED4A /* SharedCity.m in Sources */ = {isa = PBXBuildFile; fileRef = EBEF052C1AAF7DC600BFED4A /* SharedCity.m */; };
/* End PBXBuildFile section */

/* Begin PBXContainerItemProxy section */
		EBAB5AFE1AA1801300A0DBDF /* PBXContainerItemProxy */ = {
			isa = PBXContainerItemProxy;
			containerPortal = EBAB5ADC1AA1801300A0DBDF /* Project object */;
			proxyType = 1;
			remoteGlobalIDString = EBAB5AE31AA1801300A0DBDF;
			remoteInfo = "Weather-forecast";
		};
/* End PBXContainerItemProxy section */

/* Begin PBXFileReference section */
		22989AFAE0B48B076A2E6DEF /* libPods.a */ = {isa = PBXFileReference; explicitFileType = archive.ar; includeInIndex = 0; path = libPods.a; sourceTree = BUILT_PRODUCTS_DIR; };
		35B958E9430BD17FB762CD15 /* Pods.debug.xcconfig */ = {isa = PBXFileReference; includeInIndex = 1; lastKnownFileType = text.xcconfig; name = Pods.debug.xcconfig; path = "Pods/Target Support Files/Pods/Pods.debug.xcconfig"; sourceTree = "<group>"; };
		B1405959747E61F8ED7E79A6 /* Pods.release.xcconfig */ = {isa = PBXFileReference; includeInIndex = 1; lastKnownFileType = text.xcconfig; name = Pods.release.xcconfig; path = "Pods/Target Support Files/Pods/Pods.release.xcconfig"; sourceTree = "<group>"; };
		EB077A121AA44443008501E6 /* Weather.h */ = {isa = PBXFileReference; fileEncoding = 4; lastKnownFileType = sourcecode.c.h; path = Weather.h; sourceTree = "<group>"; };
		EB077A131AA44443008501E6 /* Weather.m */ = {isa = PBXFileReference; fileEncoding = 4; lastKnownFileType = sourcecode.c.objc; path = Weather.m; sourceTree = "<group>"; };
		EB077A1B1AA47619008501E6 /* City.h */ = {isa = PBXFileReference; fileEncoding = 4; lastKnownFileType = sourcecode.c.h; path = City.h; sourceTree = "<group>"; };
		EB077A1C1AA47619008501E6 /* City.m */ = {isa = PBXFileReference; fileEncoding = 4; lastKnownFileType = sourcecode.c.objc; path = City.m; sourceTree = "<group>"; };
		EB077A1E1AA485AB008501E6 /* WeatherImage.h */ = {isa = PBXFileReference; fileEncoding = 4; lastKnownFileType = sourcecode.c.h; path = WeatherImage.h; sourceTree = "<group>"; };
		EB077A1F1AA485AB008501E6 /* WeatherImage.m */ = {isa = PBXFileReference; fileEncoding = 4; lastKnownFileType = sourcecode.c.objc; path = WeatherImage.m; sourceTree = "<group>"; };
		EB3D86BA1AA8D40C00239289 /* Constants.h */ = {isa = PBXFileReference; fileEncoding = 4; lastKnownFileType = sourcecode.c.h; path = Constants.h; sourceTree = "<group>"; };
		EB3D86BB1AA8D40C00239289 /* Constants.m */ = {isa = PBXFileReference; fileEncoding = 4; lastKnownFileType = sourcecode.c.objc; path = Constants.m; sourceTree = "<group>"; };
		EB3D86C01AA8D4A700239289 /* DatabaseManager.h */ = {isa = PBXFileReference; fileEncoding = 4; lastKnownFileType = sourcecode.c.h; path = DatabaseManager.h; sourceTree = "<group>"; };
		EB3D86C11AA8D4A700239289 /* DatabaseManager.m */ = {isa = PBXFileReference; fileEncoding = 4; lastKnownFileType = sourcecode.c.objc; path = DatabaseManager.m; sourceTree = "<group>"; };
		EB3D86C21AA8D4A700239289 /* DBWeather.h */ = {isa = PBXFileReference; fileEncoding = 4; lastKnownFileType = sourcecode.c.h; path = DBWeather.h; sourceTree = "<group>"; };
		EB3D86C31AA8D4A700239289 /* DBWeather.m */ = {isa = PBXFileReference; fileEncoding = 4; lastKnownFileType = sourcecode.c.objc; path = DBWeather.m; sourceTree = "<group>"; };
		EB3D86C51AA8D4A700239289 /* WeatherClient.h */ = {isa = PBXFileReference; fileEncoding = 4; lastKnownFileType = sourcecode.c.h; path = WeatherClient.h; sourceTree = "<group>"; };
		EB3D86C61AA8D4A700239289 /* WeatherClient.m */ = {isa = PBXFileReference; fileEncoding = 4; lastKnownFileType = sourcecode.c.objc; path = WeatherClient.m; sourceTree = "<group>"; };
		EB3D86CB1AA8D4D100239289 /* MyLocationManager.h */ = {isa = PBXFileReference; fileEncoding = 4; lastKnownFileType = sourcecode.c.h; path = MyLocationManager.h; sourceTree = "<group>"; };
		EB3D86CC1AA8D4D100239289 /* MyLocationManager.m */ = {isa = PBXFileReference; fileEncoding = 4; lastKnownFileType = sourcecode.c.objc; path = MyLocationManager.m; sourceTree = "<group>"; };
		EB3D86D01AA8D57500239289 /* NSDate+Format.h */ = {isa = PBXFileReference; fileEncoding = 4; lastKnownFileType = sourcecode.c.h; path = "NSDate+Format.h"; sourceTree = "<group>"; };
		EB3D86D11AA8D57500239289 /* NSDate+Format.m */ = {isa = PBXFileReference; fileEncoding = 4; lastKnownFileType = sourcecode.c.objc; path = "NSDate+Format.m"; sourceTree = "<group>"; };
		EB3D86D31AA8D57500239289 /* Forecast+Utilities.h */ = {isa = PBXFileReference; fileEncoding = 4; lastKnownFileType = sourcecode.c.h; path = "Forecast+Utilities.h"; sourceTree = "<group>"; };
		EB3D86D41AA8D57500239289 /* Forecast+Utilities.m */ = {isa = PBXFileReference; fileEncoding = 4; lastKnownFileType = sourcecode.c.objc; path = "Forecast+Utilities.m"; sourceTree = "<group>"; };
		EB3D86D61AA8D57500239289 /* UIImage+Utilities.h */ = {isa = PBXFileReference; fileEncoding = 4; lastKnownFileType = sourcecode.c.h; path = "UIImage+Utilities.h"; sourceTree = "<group>"; };
		EB3D86D71AA8D57500239289 /* UIImage+Utilities.m */ = {isa = PBXFileReference; fileEncoding = 4; lastKnownFileType = sourcecode.c.objc; path = "UIImage+Utilities.m"; sourceTree = "<group>"; };
		EB3D86D91AA8D57500239289 /* Weather+Utilities.h */ = {isa = PBXFileReference; fileEncoding = 4; lastKnownFileType = sourcecode.c.h; path = "Weather+Utilities.h"; sourceTree = "<group>"; };
		EB3D86DA1AA8D57500239289 /* Weather+Utilities.m */ = {isa = PBXFileReference; fileEncoding = 4; lastKnownFileType = sourcecode.c.objc; path = "Weather+Utilities.m"; sourceTree = "<group>"; };
		EB5C52571AA3326F005A347F /* WEATodayViewController.h */ = {isa = PBXFileReference; fileEncoding = 4; lastKnownFileType = sourcecode.c.h; path = WEATodayViewController.h; sourceTree = "<group>"; };
		EB5C52581AA3326F005A347F /* WEATodayViewController.m */ = {isa = PBXFileReference; fileEncoding = 4; lastKnownFileType = sourcecode.c.objc; path = WEATodayViewController.m; sourceTree = "<group>"; };
		EBAA1E241AA4E2E400AAA031 /* Images.xcassets */ = {isa = PBXFileReference; lastKnownFileType = folder.assetcatalog; path = Images.xcassets; sourceTree = "<group>"; };
		EBAA1E261AA4EDAC00AAA031 /* WEAForecastTableViewController.h */ = {isa = PBXFileReference; fileEncoding = 4; lastKnownFileType = sourcecode.c.h; path = WEAForecastTableViewController.h; sourceTree = "<group>"; };
		EBAA1E271AA4EDAC00AAA031 /* WEAForecastTableViewController.m */ = {isa = PBXFileReference; fileEncoding = 4; lastKnownFileType = sourcecode.c.objc; path = WEAForecastTableViewController.m; sourceTree = "<group>"; };
		EBAA1E2A1AA4EE7F00AAA031 /* CellForecastTableViewCell.h */ = {isa = PBXFileReference; fileEncoding = 4; lastKnownFileType = sourcecode.c.h; path = CellForecastTableViewCell.h; sourceTree = "<group>"; };
		EBAA1E2B1AA4EE7F00AAA031 /* CellForecastTableViewCell.m */ = {isa = PBXFileReference; fileEncoding = 4; lastKnownFileType = sourcecode.c.objc; path = CellForecastTableViewCell.m; sourceTree = "<group>"; };
		EBAA1E351AA59E5700AAA031 /* WEALocationTableViewController.h */ = {isa = PBXFileReference; fileEncoding = 4; lastKnownFileType = sourcecode.c.h; path = WEALocationTableViewController.h; sourceTree = "<group>"; };
		EBAA1E361AA59E5700AAA031 /* WEALocationTableViewController.m */ = {isa = PBXFileReference; fileEncoding = 4; lastKnownFileType = sourcecode.c.objc; path = WEALocationTableViewController.m; sourceTree = "<group>"; };
		EBAA1E3B1AA6032B00AAA031 /* LocationTableViewCell.h */ = {isa = PBXFileReference; fileEncoding = 4; lastKnownFileType = sourcecode.c.h; path = LocationTableViewCell.h; sourceTree = "<group>"; };
		EBAA1E3C1AA6032B00AAA031 /* LocationTableViewCell.m */ = {isa = PBXFileReference; fileEncoding = 4; lastKnownFileType = sourcecode.c.objc; path = LocationTableViewCell.m; sourceTree = "<group>"; };
		EBAB5AE41AA1801300A0DBDF /* Weather-forecast.app */ = {isa = PBXFileReference; explicitFileType = wrapper.application; includeInIndex = 0; path = "Weather-forecast.app"; sourceTree = BUILT_PRODUCTS_DIR; };
		EBAB5AE81AA1801300A0DBDF /* Info.plist */ = {isa = PBXFileReference; lastKnownFileType = text.plist.xml; path = Info.plist; sourceTree = "<group>"; };
		EBAB5AE91AA1801300A0DBDF /* main.m */ = {isa = PBXFileReference; lastKnownFileType = sourcecode.c.objc; path = main.m; sourceTree = "<group>"; };
		EBAB5AEB1AA1801300A0DBDF /* AppDelegate.h */ = {isa = PBXFileReference; lastKnownFileType = sourcecode.c.h; path = AppDelegate.h; sourceTree = "<group>"; };
		EBAB5AEC1AA1801300A0DBDF /* AppDelegate.m */ = {isa = PBXFileReference; lastKnownFileType = sourcecode.c.objc; path = AppDelegate.m; sourceTree = "<group>"; };
		EBAB5AF21AA1801300A0DBDF /* Base */ = {isa = PBXFileReference; lastKnownFileType = file.storyboard; name = Base; path = Base.lproj/Main.storyboard; sourceTree = "<group>"; };
		EBAB5AF71AA1801300A0DBDF /* Base */ = {isa = PBXFileReference; lastKnownFileType = file.xib; name = Base; path = Base.lproj/LaunchScreen.xib; sourceTree = "<group>"; };
		EBAB5AFD1AA1801300A0DBDF /* Weather-forecastTests.xctest */ = {isa = PBXFileReference; explicitFileType = wrapper.cfbundle; includeInIndex = 0; path = "Weather-forecastTests.xctest"; sourceTree = BUILT_PRODUCTS_DIR; };
		EBAB5B021AA1801300A0DBDF /* Info.plist */ = {isa = PBXFileReference; lastKnownFileType = text.plist.xml; path = Info.plist; sourceTree = "<group>"; };
		EBAB5B031AA1801300A0DBDF /* Weather_forecastTests.m */ = {isa = PBXFileReference; lastKnownFileType = sourcecode.c.objc; path = Weather_forecastTests.m; sourceTree = "<group>"; };
		EBAB5B2E1AA1806A00A0DBDF /* Icon.png */ = {isa = PBXFileReference; lastKnownFileType = image.png; path = Icon.png; sourceTree = "<group>"; };
		EBAB5B311AA1806A00A0DBDF /* Button.png */ = {isa = PBXFileReference; lastKnownFileType = image.png; path = Button.png; sourceTree = "<group>"; };
		EBAB5B321AA1806A00A0DBDF /* Button@2x.png */ = {isa = PBXFileReference; lastKnownFileType = image.png; path = "Button@2x.png"; sourceTree = "<group>"; };
		EBAB5B331AA1806A00A0DBDF /* Button@3x.png */ = {isa = PBXFileReference; lastKnownFileType = image.png; path = "Button@3x.png"; sourceTree = "<group>"; };
		EBAB5B341AA1806A00A0DBDF /* CL.png */ = {isa = PBXFileReference; lastKnownFileType = image.png; path = CL.png; sourceTree = "<group>"; };
		EBAB5B351AA1806A00A0DBDF /* CL@2x.png */ = {isa = PBXFileReference; lastKnownFileType = image.png; path = "CL@2x.png"; sourceTree = "<group>"; };
		EBAB5B361AA1806A00A0DBDF /* CL@3x.png */ = {isa = PBXFileReference; lastKnownFileType = image.png; path = "CL@3x.png"; sourceTree = "<group>"; };
		EBAB5B371AA1806A00A0DBDF /* Close.png */ = {isa = PBXFileReference; lastKnownFileType = image.png; path = Close.png; sourceTree = "<group>"; };
		EBAB5B381AA1806A00A0DBDF /* Close@2x.png */ = {isa = PBXFileReference; lastKnownFileType = image.png; path = "Close@2x.png"; sourceTree = "<group>"; };
		EBAB5B391AA1806A00A0DBDF /* Close@3x.png */ = {isa = PBXFileReference; lastKnownFileType = image.png; path = "Close@3x.png"; sourceTree = "<group>"; };
		EBAB5B3A1AA1806A00A0DBDF /* CS.png */ = {isa = PBXFileReference; lastKnownFileType = image.png; path = CS.png; sourceTree = "<group>"; };
		EBAB5B3B1AA1806A00A0DBDF /* CS@2x.png */ = {isa = PBXFileReference; lastKnownFileType = image.png; path = "CS@2x.png"; sourceTree = "<group>"; };
		EBAB5B3C1AA1806A00A0DBDF /* CS@3x.png */ = {isa = PBXFileReference; lastKnownFileType = image.png; path = "CS@3x.png"; sourceTree = "<group>"; };
		EBAB5B3D1AA1806A00A0DBDF /* Current.png */ = {isa = PBXFileReference; lastKnownFileType = image.png; path = Current.png; sourceTree = "<group>"; };
		EBAB5B3E1AA1806A00A0DBDF /* Current@2x.png */ = {isa = PBXFileReference; lastKnownFileType = image.png; path = "Current@2x.png"; sourceTree = "<group>"; };
		EBAB5B3F1AA1806A00A0DBDF /* Current@3x.png */ = {isa = PBXFileReference; lastKnownFileType = image.png; path = "Current@3x.png"; sourceTree = "<group>"; };
		EBAB5B401AA1806A00A0DBDF /* Delete.png */ = {isa = PBXFileReference; lastKnownFileType = image.png; path = Delete.png; sourceTree = "<group>"; };
		EBAB5B411AA1806A00A0DBDF /* Delete@2x.png */ = {isa = PBXFileReference; lastKnownFileType = image.png; path = "Delete@2x.png"; sourceTree = "<group>"; };
		EBAB5B421AA1806A00A0DBDF /* Delete@3x.png */ = {isa = PBXFileReference; lastKnownFileType = image.png; path = "Delete@3x.png"; sourceTree = "<group>"; };
		EBAB5B431AA1806A00A0DBDF /* DeleteIcon.png */ = {isa = PBXFileReference; lastKnownFileType = image.png; path = DeleteIcon.png; sourceTree = "<group>"; };
		EBAB5B441AA1806A00A0DBDF /* DeleteIcon@2x.png */ = {isa = PBXFileReference; lastKnownFileType = image.png; path = "DeleteIcon@2x.png"; sourceTree = "<group>"; };
		EBAB5B451AA1806A00A0DBDF /* DeleteIcon@3x.png */ = {isa = PBXFileReference; lastKnownFileType = image.png; path = "DeleteIcon@3x.png"; sourceTree = "<group>"; };
		EBAB5B461AA1806A00A0DBDF /* Divider.png */ = {isa = PBXFileReference; lastKnownFileType = image.png; path = Divider.png; sourceTree = "<group>"; };
		EBAB5B471AA1806A00A0DBDF /* Divider@2x.png */ = {isa = PBXFileReference; lastKnownFileType = image.png; path = "Divider@2x.png"; sourceTree = "<group>"; };
		EBAB5B481AA1806A00A0DBDF /* Divider@3x.png */ = {isa = PBXFileReference; lastKnownFileType = image.png; path = "Divider@3x.png"; sourceTree = "<group>"; };
		EBAB5B491AA1806A00A0DBDF /* Input.png */ = {isa = PBXFileReference; lastKnownFileType = image.png; path = Input.png; sourceTree = "<group>"; };
		EBAB5B4A1AA1806A00A0DBDF /* Input@2x.png */ = {isa = PBXFileReference; lastKnownFileType = image.png; path = "Input@2x.png"; sourceTree = "<group>"; };
		EBAB5B4B1AA1806A00A0DBDF /* Input@3x.png */ = {isa = PBXFileReference; lastKnownFileType = image.png; path = "Input@3x.png"; sourceTree = "<group>"; };
		EBAB5B4C1AA1806A00A0DBDF /* NLine.png */ = {isa = PBXFileReference; lastKnownFileType = image.png; path = NLine.png; sourceTree = "<group>"; };
		EBAB5B4D1AA1806A00A0DBDF /* NLine@2x.png */ = {isa = PBXFileReference; lastKnownFileType = image.png; path = "NLine@2x.png"; sourceTree = "<group>"; };
		EBAB5B4E1AA1806A00A0DBDF /* NLine@3x.png */ = {isa = PBXFileReference; lastKnownFileType = image.png; path = "NLine@3x.png"; sourceTree = "<group>"; };
		EBAB5B4F1AA1806A00A0DBDF /* Location_Divider.png */ = {isa = PBXFileReference; lastKnownFileType = image.png; path = Location_Divider.png; sourceTree = "<group>"; };
		EBAB5B501AA1806A00A0DBDF /* Location_Divider@2x.png */ = {isa = PBXFileReference; lastKnownFileType = image.png; path = "Location_Divider@2x.png"; sourceTree = "<group>"; };
		EBAB5B511AA1806A00A0DBDF /* Location_divider@3x.png */ = {isa = PBXFileReference; lastKnownFileType = image.png; path = "Location_divider@3x.png"; sourceTree = "<group>"; };
		EBAB5B521AA1806A00A0DBDF /* Search.png */ = {isa = PBXFileReference; lastKnownFileType = image.png; path = Search.png; sourceTree = "<group>"; };
		EBAB5B531AA1806A00A0DBDF /* Search@2x.png */ = {isa = PBXFileReference; lastKnownFileType = image.png; path = "Search@2x.png"; sourceTree = "<group>"; };
		EBAB5B541AA1806A00A0DBDF /* Search@3x.png */ = {isa = PBXFileReference; lastKnownFileType = image.png; path = "Search@3x.png"; sourceTree = "<group>"; };
		EBAB5B551AA1806A00A0DBDF /* Sun.png */ = {isa = PBXFileReference; lastKnownFileType = image.png; path = Sun.png; sourceTree = "<group>"; };
		EBAB5B561AA1806A00A0DBDF /* Sun@2x.png */ = {isa = PBXFileReference; lastKnownFileType = image.png; path = "Sun@2x.png"; sourceTree = "<group>"; };
		EBAB5B571AA1806A00A0DBDF /* Sun@3x.png */ = {isa = PBXFileReference; lastKnownFileType = image.png; path = "Sun@3x.png"; sourceTree = "<group>"; };
		EBAB5B581AA1806A00A0DBDF /* White-Overlay.png */ = {isa = PBXFileReference; lastKnownFileType = image.png; path = "White-Overlay.png"; sourceTree = "<group>"; };
		EBAB5B591AA1806A00A0DBDF /* White-Overlay@2x.png */ = {isa = PBXFileReference; lastKnownFileType = image.png; path = "White-Overlay@2x.png"; sourceTree = "<group>"; };
		EBAB5B5A1AA1806A00A0DBDF /* White-Overlay@3x.png */ = {isa = PBXFileReference; lastKnownFileType = image.png; path = "White-Overlay@3x.png"; sourceTree = "<group>"; };
		EBAB5B5B1AA1806A00A0DBDF /* Wind.png */ = {isa = PBXFileReference; lastKnownFileType = image.png; path = Wind.png; sourceTree = "<group>"; };
		EBAB5B5C1AA1806A00A0DBDF /* Wind@2x.png */ = {isa = PBXFileReference; lastKnownFileType = image.png; path = "Wind@2x.png"; sourceTree = "<group>"; };
		EBAB5B5D1AA1806A00A0DBDF /* Wind@3x.png */ = {isa = PBXFileReference; lastKnownFileType = image.png; path = "Wind@3x.png"; sourceTree = "<group>"; };
		EBAB5B5F1AA1806A00A0DBDF /* ProximaNova-Bold.otf */ = {isa = PBXFileReference; lastKnownFileType = file; path = "ProximaNova-Bold.otf"; sourceTree = "<group>"; };
		EBAB5B601AA1806A00A0DBDF /* ProximaNova-Light.otf */ = {isa = PBXFileReference; lastKnownFileType = file; path = "ProximaNova-Light.otf"; sourceTree = "<group>"; };
		EBAB5B611AA1806A00A0DBDF /* ProximaNova-Regular.otf */ = {isa = PBXFileReference; lastKnownFileType = file; path = "ProximaNova-Regular.otf"; sourceTree = "<group>"; };
		EBAB5B621AA1806A00A0DBDF /* ProximaNova-Semibold.otf */ = {isa = PBXFileReference; lastKnownFileType = file; path = "ProximaNova-Semibold.otf"; sourceTree = "<group>"; };
		EBAB5B651AA1806A00A0DBDF /* Bar.png */ = {isa = PBXFileReference; lastKnownFileType = image.png; path = Bar.png; sourceTree = "<group>"; };
		EBAB5B661AA1806A00A0DBDF /* Bar@2x.png */ = {isa = PBXFileReference; lastKnownFileType = image.png; path = "Bar@2x.png"; sourceTree = "<group>"; };
		EBAB5B671AA1806A00A0DBDF /* Bar@3x.png */ = {isa = PBXFileReference; lastKnownFileType = image.png; path = "Bar@3x.png"; sourceTree = "<group>"; };
		EBAB5B681AA1806A00A0DBDF /* divider-bottom.png */ = {isa = PBXFileReference; lastKnownFileType = image.png; path = "divider-bottom.png"; sourceTree = "<group>"; };
		EBAB5B691AA1806A00A0DBDF /* divider-bottom@2x.png */ = {isa = PBXFileReference; lastKnownFileType = image.png; path = "divider-bottom@2x.png"; sourceTree = "<group>"; };
		EBAB5B6A1AA1806A00A0DBDF /* divider-bottom@3x.png */ = {isa = PBXFileReference; lastKnownFileType = image.png; path = "divider-bottom@3x.png"; sourceTree = "<group>"; };
		EBAB5B6B1AA1806A00A0DBDF /* divider-mid.png */ = {isa = PBXFileReference; lastKnownFileType = image.png; path = "divider-mid.png"; sourceTree = "<group>"; };
		EBAB5B6C1AA1806A00A0DBDF /* divider-mid@2x.png */ = {isa = PBXFileReference; lastKnownFileType = image.png; path = "divider-mid@2x.png"; sourceTree = "<group>"; };
		EBAB5B6D1AA1806A00A0DBDF /* divider-mid@3x.png */ = {isa = PBXFileReference; lastKnownFileType = image.png; path = "divider-mid@3x.png"; sourceTree = "<group>"; };
		EBAB5B6E1AA1806A00A0DBDF /* divider-top.png */ = {isa = PBXFileReference; lastKnownFileType = image.png; path = "divider-top.png"; sourceTree = "<group>"; };
		EBAB5B6F1AA1806A00A0DBDF /* divider-top@2x.png */ = {isa = PBXFileReference; lastKnownFileType = image.png; path = "divider-top@2x.png"; sourceTree = "<group>"; };
		EBAB5B701AA1806A00A0DBDF /* divider-top@3x.png */ = {isa = PBXFileReference; lastKnownFileType = image.png; path = "divider-top@3x.png"; sourceTree = "<group>"; };
		EBAB5B711AA1806A00A0DBDF /* Forecast.png */ = {isa = PBXFileReference; lastKnownFileType = image.png; path = Forecast.png; sourceTree = "<group>"; };
		EBAB5B721AA1806A00A0DBDF /* Forecast@2x.png */ = {isa = PBXFileReference; lastKnownFileType = image.png; path = "Forecast@2x.png"; sourceTree = "<group>"; };
		EBAB5B731AA1806A00A0DBDF /* Forecast@3x.png */ = {isa = PBXFileReference; lastKnownFileType = image.png; path = "Forecast@3x.png"; sourceTree = "<group>"; };
		EBAB5B741AA1806A00A0DBDF /* Line.png */ = {isa = PBXFileReference; lastKnownFileType = image.png; path = Line.png; sourceTree = "<group>"; };
		EBAB5B751AA1806A00A0DBDF /* Line@2x.png */ = {isa = PBXFileReference; lastKnownFileType = image.png; path = "Line@2x.png"; sourceTree = "<group>"; };
		EBAB5B761AA1806A00A0DBDF /* Line@3x.png */ = {isa = PBXFileReference; lastKnownFileType = image.png; path = "Line@3x.png"; sourceTree = "<group>"; };
		EBAB5B771AA1806A00A0DBDF /* Settings.png */ = {isa = PBXFileReference; lastKnownFileType = image.png; path = Settings.png; sourceTree = "<group>"; };
		EBAB5B781AA1806A00A0DBDF /* Settings@2x.png */ = {isa = PBXFileReference; lastKnownFileType = image.png; path = "Settings@2x.png"; sourceTree = "<group>"; };
		EBAB5B791AA1806A00A0DBDF /* Settings@3x.png */ = {isa = PBXFileReference; lastKnownFileType = image.png; path = "Settings@3x.png"; sourceTree = "<group>"; };
		EBAB5B7A1AA1806A00A0DBDF /* Today.png */ = {isa = PBXFileReference; lastKnownFileType = image.png; path = Today.png; sourceTree = "<group>"; };
		EBAB5B7B1AA1806A00A0DBDF /* Today@2x.png */ = {isa = PBXFileReference; lastKnownFileType = image.png; path = "Today@2x.png"; sourceTree = "<group>"; };
		EBAB5B7C1AA1806A00A0DBDF /* Today@3x.png */ = {isa = PBXFileReference; lastKnownFileType = image.png; path = "Today@3x.png"; sourceTree = "<group>"; };
		EBAB5B7F1AA1806A00A0DBDF /* Bar.png */ = {isa = PBXFileReference; lastKnownFileType = image.png; path = Bar.png; sourceTree = "<group>"; };
		EBAB5B801AA1806A00A0DBDF /* Bar@2x.png */ = {isa = PBXFileReference; lastKnownFileType = image.png; path = "Bar@2x.png"; sourceTree = "<group>"; };
		EBAB5B811AA1806A00A0DBDF /* Bar@3x.png */ = {isa = PBXFileReference; lastKnownFileType = image.png; path = "Bar@3x.png"; sourceTree = "<group>"; };
		EBAB5B821AA1806A00A0DBDF /* Celcius.png */ = {isa = PBXFileReference; lastKnownFileType = image.png; path = Celcius.png; sourceTree = "<group>"; };
		EBAB5B831AA1806A00A0DBDF /* Celcius@2x.png */ = {isa = PBXFileReference; lastKnownFileType = image.png; path = "Celcius@2x.png"; sourceTree = "<group>"; };
		EBAB5B841AA1806A00A0DBDF /* Celcius@3x.png */ = {isa = PBXFileReference; lastKnownFileType = image.png; path = "Celcius@3x.png"; sourceTree = "<group>"; };
		EBAB5B851AA1806A00A0DBDF /* Cloudy_Big.png */ = {isa = PBXFileReference; lastKnownFileType = image.png; path = Cloudy_Big.png; sourceTree = "<group>"; };
		EBAB5B861AA1806A00A0DBDF /* Cloudy_Big@2x.png */ = {isa = PBXFileReference; lastKnownFileType = image.png; path = "Cloudy_Big@2x.png"; sourceTree = "<group>"; };
		EBAB5B871AA1806A00A0DBDF /* Cloudy_Big@3x.png */ = {isa = PBXFileReference; lastKnownFileType = image.png; path = "Cloudy_Big@3x.png"; sourceTree = "<group>"; };
		EBAB5B881AA1806A00A0DBDF /* Compass.png */ = {isa = PBXFileReference; lastKnownFileType = image.png; path = Compass.png; sourceTree = "<group>"; };
		EBAB5B891AA1806A00A0DBDF /* Compass@2x.png */ = {isa = PBXFileReference; lastKnownFileType = image.png; path = "Compass@2x.png"; sourceTree = "<group>"; };
		EBAB5B8A1AA1806A00A0DBDF /* Compass@3x.png */ = {isa = PBXFileReference; lastKnownFileType = image.png; path = "Compass@3x.png"; sourceTree = "<group>"; };
		EBAB5B8B1AA1806A00A0DBDF /* CR.png */ = {isa = PBXFileReference; lastKnownFileType = image.png; path = CR.png; sourceTree = "<group>"; };
		EBAB5B8C1AA1806A00A0DBDF /* CR@2x.png */ = {isa = PBXFileReference; lastKnownFileType = image.png; path = "CR@2x.png"; sourceTree = "<group>"; };
		EBAB5B8D1AA1806A00A0DBDF /* CR@3x.png */ = {isa = PBXFileReference; lastKnownFileType = image.png; path = "CR@3x.png"; sourceTree = "<group>"; };
		EBAB5B8E1AA1806A00A0DBDF /* Current.png */ = {isa = PBXFileReference; lastKnownFileType = image.png; path = Current.png; sourceTree = "<group>"; };
		EBAB5B8F1AA1806A00A0DBDF /* Current@2x.png */ = {isa = PBXFileReference; lastKnownFileType = image.png; path = "Current@2x.png"; sourceTree = "<group>"; };
		EBAB5B901AA1806A00A0DBDF /* Current@3x.png */ = {isa = PBXFileReference; lastKnownFileType = image.png; path = "Current@3x.png"; sourceTree = "<group>"; };
		EBAB5B911AA1806A00A0DBDF /* Divider.png */ = {isa = PBXFileReference; lastKnownFileType = image.png; path = Divider.png; sourceTree = "<group>"; };
		EBAB5B921AA1806A00A0DBDF /* Divider@2x.png */ = {isa = PBXFileReference; lastKnownFileType = image.png; path = "Divider@2x.png"; sourceTree = "<group>"; };
		EBAB5B931AA1806A00A0DBDF /* Divider@3x.png */ = {isa = PBXFileReference; lastKnownFileType = image.png; path = "Divider@3x.png"; sourceTree = "<group>"; };
		EBAB5B941AA1806A00A0DBDF /* Forecast.png */ = {isa = PBXFileReference; lastKnownFileType = image.png; path = Forecast.png; sourceTree = "<group>"; };
		EBAB5B951AA1806A00A0DBDF /* Forecast@2x.png */ = {isa = PBXFileReference; lastKnownFileType = image.png; path = "Forecast@2x.png"; sourceTree = "<group>"; };
		EBAB5B961AA1806A00A0DBDF /* Forecast@3x.png */ = {isa = PBXFileReference; lastKnownFileType = image.png; path = "Forecast@3x.png"; sourceTree = "<group>"; };
		EBAB5B971AA1806A00A0DBDF /* Lightning_Big.png */ = {isa = PBXFileReference; lastKnownFileType = image.png; path = Lightning_Big.png; sourceTree = "<group>"; };
		EBAB5B981AA1806A00A0DBDF /* Lightning_Big@2x.png */ = {isa = PBXFileReference; lastKnownFileType = image.png; path = "Lightning_Big@2x.png"; sourceTree = "<group>"; };
		EBAB5B991AA1806A00A0DBDF /* Lightning_Big@3x.png */ = {isa = PBXFileReference; lastKnownFileType = image.png; path = "Lightning_Big@3x.png"; sourceTree = "<group>"; };
		EBAB5B9A1AA1806A00A0DBDF /* Line.png */ = {isa = PBXFileReference; lastKnownFileType = image.png; path = Line.png; sourceTree = "<group>"; };
		EBAB5B9B1AA1806A00A0DBDF /* Line@2x.png */ = {isa = PBXFileReference; lastKnownFileType = image.png; path = "Line@2x.png"; sourceTree = "<group>"; };
		EBAB5B9C1AA1806A00A0DBDF /* Line@3x.png */ = {isa = PBXFileReference; lastKnownFileType = image.png; path = "Line@3x.png"; sourceTree = "<group>"; };
		EBAB5B9D1AA1806A00A0DBDF /* Location.png */ = {isa = PBXFileReference; lastKnownFileType = image.png; path = Location.png; sourceTree = "<group>"; };
		EBAB5B9E1AA1806A00A0DBDF /* Location@2x.png */ = {isa = PBXFileReference; lastKnownFileType = image.png; path = "Location@2x.png"; sourceTree = "<group>"; };
		EBAB5B9F1AA1806A00A0DBDF /* Location@3x.png */ = {isa = PBXFileReference; lastKnownFileType = image.png; path = "Location@3x.png"; sourceTree = "<group>"; };
		EBAB5BA01AA1806A00A0DBDF /* Rain.png */ = {isa = PBXFileReference; lastKnownFileType = image.png; path = Rain.png; sourceTree = "<group>"; };
		EBAB5BA11AA1806A00A0DBDF /* Rain@2x.png */ = {isa = PBXFileReference; lastKnownFileType = image.png; path = "Rain@2x.png"; sourceTree = "<group>"; };
		EBAB5BA21AA1806A00A0DBDF /* Rain@3x.png */ = {isa = PBXFileReference; lastKnownFileType = image.png; path = "Rain@3x.png"; sourceTree = "<group>"; };
		EBAB5BA31AA1806A00A0DBDF /* Settings.png */ = {isa = PBXFileReference; lastKnownFileType = image.png; path = Settings.png; sourceTree = "<group>"; };
		EBAB5BA41AA1806A00A0DBDF /* Settings@2x.png */ = {isa = PBXFileReference; lastKnownFileType = image.png; path = "Settings@2x.png"; sourceTree = "<group>"; };
		EBAB5BA51AA1806A00A0DBDF /* Settings@3x.png */ = {isa = PBXFileReference; lastKnownFileType = image.png; path = "Settings@3x.png"; sourceTree = "<group>"; };
		EBAB5BA61AA1806A00A0DBDF /* Sun.png */ = {isa = PBXFileReference; lastKnownFileType = image.png; path = Sun.png; sourceTree = "<group>"; };
		EBAB5BA71AA1806A00A0DBDF /* Sun@2x.png */ = {isa = PBXFileReference; lastKnownFileType = image.png; path = "Sun@2x.png"; sourceTree = "<group>"; };
		EBAB5BA81AA1806A00A0DBDF /* Sun@3x.png */ = {isa = PBXFileReference; lastKnownFileType = image.png; path = "Sun@3x.png"; sourceTree = "<group>"; };
		EBAB5BA91AA1806A00A0DBDF /* Sun_Big.png */ = {isa = PBXFileReference; lastKnownFileType = image.png; path = Sun_Big.png; sourceTree = "<group>"; };
		EBAB5BAA1AA1806A00A0DBDF /* Sun_Big@2x.png */ = {isa = PBXFileReference; lastKnownFileType = image.png; path = "Sun_Big@2x.png"; sourceTree = "<group>"; };
		EBAB5BAB1AA1806A00A0DBDF /* Sun_Big@3x.png */ = {isa = PBXFileReference; lastKnownFileType = image.png; path = "Sun_Big@3x.png"; sourceTree = "<group>"; };
		EBAB5BAC1AA1806A00A0DBDF /* Wind.png */ = {isa = PBXFileReference; lastKnownFileType = image.png; path = Wind.png; sourceTree = "<group>"; };
		EBAB5BAD1AA1806A00A0DBDF /* Wind@2x.png */ = {isa = PBXFileReference; lastKnownFileType = image.png; path = "Wind@2x.png"; sourceTree = "<group>"; };
		EBAB5BAE1AA1806A00A0DBDF /* Wind@3x.png */ = {isa = PBXFileReference; lastKnownFileType = image.png; path = "Wind@3x.png"; sourceTree = "<group>"; };
		EBAB5BAF1AA1806A00A0DBDF /* WInd_Big.png */ = {isa = PBXFileReference; lastKnownFileType = image.png; path = WInd_Big.png; sourceTree = "<group>"; };
		EBAB5BB01AA1806A00A0DBDF /* WInd_Big@2x.png */ = {isa = PBXFileReference; lastKnownFileType = image.png; path = "WInd_Big@2x.png"; sourceTree = "<group>"; };
		EBAB5BB11AA1806A00A0DBDF /* WInd_Big@3x.png */ = {isa = PBXFileReference; lastKnownFileType = image.png; path = "WInd_Big@3x.png"; sourceTree = "<group>"; };
		EBCAA7D91AA733ED006BF8CF /* weather.sqlite */ = {isa = PBXFileReference; lastKnownFileType = file; path = weather.sqlite; sourceTree = "<group>"; };
		EBCAA7E51AA788F0006BF8CF /* Forecast.h */ = {isa = PBXFileReference; fileEncoding = 4; lastKnownFileType = sourcecode.c.h; path = Forecast.h; sourceTree = "<group>"; };
		EBCAA7E61AA788F0006BF8CF /* Forecast.m */ = {isa = PBXFileReference; fileEncoding = 4; lastKnownFileType = sourcecode.c.objc; path = Forecast.m; sourceTree = "<group>"; };
		EBCAA7E91AA86149006BF8CF /* WEAGeneralSettingsTableViewController.h */ = {isa = PBXFileReference; fileEncoding = 4; lastKnownFileType = sourcecode.c.h; path = WEAGeneralSettingsTableViewController.h; sourceTree = "<group>"; };
		EBCAA7EA1AA86149006BF8CF /* WEAGeneralSettingsTableViewController.m */ = {isa = PBXFileReference; fileEncoding = 4; lastKnownFileType = sourcecode.c.objc; path = WEAGeneralSettingsTableViewController.m; sourceTree = "<group>"; };
		EBCAA7EF1AA875AD006BF8CF /* WEAChooseSettingsTableViewController.h */ = {isa = PBXFileReference; fileEncoding = 4; lastKnownFileType = sourcecode.c.h; path = WEAChooseSettingsTableViewController.h; sourceTree = "<group>"; };
		EBCAA7F01AA875AD006BF8CF /* WEAChooseSettingsTableViewController.m */ = {isa = PBXFileReference; fileEncoding = 4; lastKnownFileType = sourcecode.c.objc; path = WEAChooseSettingsTableViewController.m; sourceTree = "<group>"; };
		EBCAA7F21AA87747006BF8CF /* TypeOfSettings.h */ = {isa = PBXFileReference; lastKnownFileType = sourcecode.c.h; path = TypeOfSettings.h; sourceTree = "<group>"; };
		EBEF052B1AAF7DC600BFED4A /* SharedCity.h */ = {isa = PBXFileReference; fileEncoding = 4; lastKnownFileType = sourcecode.c.h; path = SharedCity.h; sourceTree = "<group>"; };
		EBEF052C1AAF7DC600BFED4A /* SharedCity.m */ = {isa = PBXFileReference; fileEncoding = 4; lastKnownFileType = sourcecode.c.objc; path = SharedCity.m; sourceTree = "<group>"; };
/* End PBXFileReference section */

/* Begin PBXFrameworksBuildPhase section */
		EBAB5AE11AA1801300A0DBDF /* Frameworks */ = {
			isa = PBXFrameworksBuildPhase;
			buildActionMask = 2147483647;
			files = (
				2FD3D543C8F5696BC73F0F8C /* libPods.a in Frameworks */,
			);
			runOnlyForDeploymentPostprocessing = 0;
		};
		EBAB5AFA1AA1801300A0DBDF /* Frameworks */ = {
			isa = PBXFrameworksBuildPhase;
			buildActionMask = 2147483647;
			files = (
			);
			runOnlyForDeploymentPostprocessing = 0;
		};
/* End PBXFrameworksBuildPhase section */

/* Begin PBXGroup section */
		8FC9A41D4823CFC69C647E7A /* Frameworks */ = {
			isa = PBXGroup;
			children = (
				22989AFAE0B48B076A2E6DEF /* libPods.a */,
			);
			name = Frameworks;
			sourceTree = "<group>";
		};
		A0850CA265DC25D8EFFFB12A /* Pods */ = {
			isa = PBXGroup;
			children = (
				35B958E9430BD17FB762CD15 /* Pods.debug.xcconfig */,
				B1405959747E61F8ED7E79A6 /* Pods.release.xcconfig */,
			);
			name = Pods;
			sourceTree = "<group>";
		};
		EB3D86B91AA8D40C00239289 /* Constants */ = {
			isa = PBXGroup;
			children = (
				EB3D86BA1AA8D40C00239289 /* Constants.h */,
				EB3D86BB1AA8D40C00239289 /* Constants.m */,
			);
			path = Constants;
			sourceTree = "<group>";
		};
		EB3D86BE1AA8D4A700239289 /* DAL */ = {
			isa = PBXGroup;
			children = (
				EB3D86BF1AA8D4A700239289 /* Database Access */,
				EB3D86C41AA8D4A700239289 /* WebService */,
			);
			path = DAL;
			sourceTree = "<group>";
		};
		EB3D86BF1AA8D4A700239289 /* Database Access */ = {
			isa = PBXGroup;
			children = (
				EB3D86C01AA8D4A700239289 /* DatabaseManager.h */,
				EB3D86C11AA8D4A700239289 /* DatabaseManager.m */,
				EB3D86C21AA8D4A700239289 /* DBWeather.h */,
				EB3D86C31AA8D4A700239289 /* DBWeather.m */,
			);
			path = "Database Access";
			sourceTree = "<group>";
		};
		EB3D86C41AA8D4A700239289 /* WebService */ = {
			isa = PBXGroup;
			children = (
				EB3D86C51AA8D4A700239289 /* WeatherClient.h */,
				EB3D86C61AA8D4A700239289 /* WeatherClient.m */,
			);
			path = WebService;
			sourceTree = "<group>";
		};
		EB3D86CA1AA8D4D100239289 /* CoreLocation */ = {
			isa = PBXGroup;
			children = (
				EB3D86CB1AA8D4D100239289 /* MyLocationManager.h */,
				EB3D86CC1AA8D4D100239289 /* MyLocationManager.m */,
			);
			path = CoreLocation;
			sourceTree = "<group>";
		};
		EB3D86CE1AA8D57500239289 /* Categories */ = {
			isa = PBXGroup;
			children = (
				EB3D86CF1AA8D57500239289 /* Dates */,
				EB3D86D21AA8D57500239289 /* Forecast */,
				EB3D86D51AA8D57500239289 /* UIimage */,
				EB3D86D81AA8D57500239289 /* Weather */,
			);
			path = Categories;
			sourceTree = "<group>";
		};
		EB3D86CF1AA8D57500239289 /* Dates */ = {
			isa = PBXGroup;
			children = (
				EB3D86D01AA8D57500239289 /* NSDate+Format.h */,
				EB3D86D11AA8D57500239289 /* NSDate+Format.m */,
			);
			path = Dates;
			sourceTree = "<group>";
		};
		EB3D86D21AA8D57500239289 /* Forecast */ = {
			isa = PBXGroup;
			children = (
				EB3D86D31AA8D57500239289 /* Forecast+Utilities.h */,
				EB3D86D41AA8D57500239289 /* Forecast+Utilities.m */,
			);
			path = Forecast;
			sourceTree = "<group>";
		};
		EB3D86D51AA8D57500239289 /* UIimage */ = {
			isa = PBXGroup;
			children = (
				EB3D86D61AA8D57500239289 /* UIImage+Utilities.h */,
				EB3D86D71AA8D57500239289 /* UIImage+Utilities.m */,
			);
			path = UIimage;
			sourceTree = "<group>";
		};
		EB3D86D81AA8D57500239289 /* Weather */ = {
			isa = PBXGroup;
			children = (
				EB3D86D91AA8D57500239289 /* Weather+Utilities.h */,
				EB3D86DA1AA8D57500239289 /* Weather+Utilities.m */,
			);
			path = Weather;
			sourceTree = "<group>";
		};
		EB5C524D1AA327A0005A347F /* Resources */ = {
			isa = PBXGroup;
			children = (
				EBAA1E241AA4E2E400AAA031 /* Images.xcassets */,
				EBAB5B0D1AA1806900A0DBDF /* Forecast_iPhone_iPhone_assets */,
				EBAB5B2D1AA1806A00A0DBDF /* Icon */,
				EBAB5B2F1AA1806A00A0DBDF /* Location_iPhone_iPhone_assets */,
				EBAB5B5E1AA1806A00A0DBDF /* ProximaNova */,
				EBAB5B631AA1806A00A0DBDF /* Settings_iPhone_iPhone_assets */,
				EBAB5B7D1AA1806A00A0DBDF /* Today_iPhone_iPhone_assets */,
				EBCAA7D91AA733ED006BF8CF /* weather.sqlite */,
			);
			name = Resources;
			sourceTree = "<group>";
		};
		EB5C52561AA32CCA005A347F /* Controllers */ = {
			isa = PBXGroup;
			children = (
				EB5C52571AA3326F005A347F /* WEATodayViewController.h */,
				EB5C52581AA3326F005A347F /* WEATodayViewController.m */,
				EBAA1E261AA4EDAC00AAA031 /* WEAForecastTableViewController.h */,
				EBAA1E271AA4EDAC00AAA031 /* WEAForecastTableViewController.m */,
				EBAA1E351AA59E5700AAA031 /* WEALocationTableViewController.h */,
				EBAA1E361AA59E5700AAA031 /* WEALocationTableViewController.m */,
				EBCAA7E91AA86149006BF8CF /* WEAGeneralSettingsTableViewController.h */,
				EBCAA7EA1AA86149006BF8CF /* WEAGeneralSettingsTableViewController.m */,
				EBCAA7EF1AA875AD006BF8CF /* WEAChooseSettingsTableViewController.h */,
				EBCAA7F01AA875AD006BF8CF /* WEAChooseSettingsTableViewController.m */,
			);
			path = Controllers;
			sourceTree = "<group>";
		};
		EB5C525A1AA44308005A347F /* Models */ = {
			isa = PBXGroup;
			children = (
				EB077A121AA44443008501E6 /* Weather.h */,
				EB077A131AA44443008501E6 /* Weather.m */,
				EB077A1B1AA47619008501E6 /* City.h */,
				EB077A1C1AA47619008501E6 /* City.m */,
				EBCAA7E51AA788F0006BF8CF /* Forecast.h */,
				EBCAA7E61AA788F0006BF8CF /* Forecast.m */,
				EBEF052B1AAF7DC600BFED4A /* SharedCity.h */,
				EBEF052C1AAF7DC600BFED4A /* SharedCity.m */,
			);
			path = Models;
			sourceTree = "<group>";
		};
		EBAA1E291AA4EE5900AAA031 /* Views */ = {
			isa = PBXGroup;
			children = (
				EBAA1E2A1AA4EE7F00AAA031 /* CellForecastTableViewCell.h */,
				EBAA1E2B1AA4EE7F00AAA031 /* CellForecastTableViewCell.m */,
				EBAA1E3B1AA6032B00AAA031 /* LocationTableViewCell.h */,
				EBAA1E3C1AA6032B00AAA031 /* LocationTableViewCell.m */,
			);
			path = Views;
			sourceTree = "<group>";
		};
		EBAB5ADB1AA1801300A0DBDF = {
			isa = PBXGroup;
			children = (
				EBAB5AE61AA1801300A0DBDF /* Weather-forecast */,
				EBAB5B001AA1801300A0DBDF /* Weather-forecastTests */,
				EBAB5AE51AA1801300A0DBDF /* Products */,
				A0850CA265DC25D8EFFFB12A /* Pods */,
				8FC9A41D4823CFC69C647E7A /* Frameworks */,
			);
			sourceTree = "<group>";
		};
		EBAB5AE51AA1801300A0DBDF /* Products */ = {
			isa = PBXGroup;
			children = (
				EBAB5AE41AA1801300A0DBDF /* Weather-forecast.app */,
				EBAB5AFD1AA1801300A0DBDF /* Weather-forecastTests.xctest */,
			);
			name = Products;
			sourceTree = "<group>";
		};
		EBAB5AE61AA1801300A0DBDF /* Weather-forecast */ = {
			isa = PBXGroup;
			children = (
				EB3D86CE1AA8D57500239289 /* Categories */,
				EB3D86CA1AA8D4D100239289 /* CoreLocation */,
				EB3D86BE1AA8D4A700239289 /* DAL */,
				EB3D86B91AA8D40C00239289 /* Constants */,
				EBAA1E291AA4EE5900AAA031 /* Views */,
				EB5C525A1AA44308005A347F /* Models */,
				EB5C52561AA32CCA005A347F /* Controllers */,
				EB5C524D1AA327A0005A347F /* Resources */,
				EBAB5AEB1AA1801300A0DBDF /* AppDelegate.h */,
				EBAB5AEC1AA1801300A0DBDF /* AppDelegate.m */,
				EBAB5AF11AA1801300A0DBDF /* Main.storyboard */,
				EBAB5AF61AA1801300A0DBDF /* LaunchScreen.xib */,
				EBAB5AE71AA1801300A0DBDF /* Supporting Files */,
				EB077A1E1AA485AB008501E6 /* WeatherImage.h */,
				EB077A1F1AA485AB008501E6 /* WeatherImage.m */,
				EBCAA7F21AA87747006BF8CF /* TypeOfSettings.h */,
			);
			path = "Weather-forecast";
			sourceTree = "<group>";
		};
		EBAB5AE71AA1801300A0DBDF /* Supporting Files */ = {
			isa = PBXGroup;
			children = (
				EBAB5AE81AA1801300A0DBDF /* Info.plist */,
				EBAB5AE91AA1801300A0DBDF /* main.m */,
			);
			name = "Supporting Files";
			sourceTree = "<group>";
		};
		EBAB5B001AA1801300A0DBDF /* Weather-forecastTests */ = {
			isa = PBXGroup;
			children = (
				EBAB5B031AA1801300A0DBDF /* Weather_forecastTests.m */,
				EBAB5B011AA1801300A0DBDF /* Supporting Files */,
			);
			path = "Weather-forecastTests";
			sourceTree = "<group>";
		};
		EBAB5B011AA1801300A0DBDF /* Supporting Files */ = {
			isa = PBXGroup;
			children = (
				EBAB5B021AA1801300A0DBDF /* Info.plist */,
			);
			name = "Supporting Files";
			sourceTree = "<group>";
		};
		EBAB5B0D1AA1806900A0DBDF /* Forecast_iPhone_iPhone_assets */ = {
			isa = PBXGroup;
			children = (
			);
			path = Forecast_iPhone_iPhone_assets;
			sourceTree = "<group>";
		};
		EBAB5B2D1AA1806A00A0DBDF /* Icon */ = {
			isa = PBXGroup;
			children = (
				EBAB5B2E1AA1806A00A0DBDF /* Icon.png */,
			);
			path = Icon;
			sourceTree = "<group>";
		};
		EBAB5B2F1AA1806A00A0DBDF /* Location_iPhone_iPhone_assets */ = {
			isa = PBXGroup;
			children = (
				EBAB5B311AA1806A00A0DBDF /* Button.png */,
				EBAB5B321AA1806A00A0DBDF /* Button@2x.png */,
				EBAB5B331AA1806A00A0DBDF /* Button@3x.png */,
				EBAB5B341AA1806A00A0DBDF /* CL.png */,
				EBAB5B351AA1806A00A0DBDF /* CL@2x.png */,
				EBAB5B361AA1806A00A0DBDF /* CL@3x.png */,
				EBAB5B371AA1806A00A0DBDF /* Close.png */,
				EBAB5B381AA1806A00A0DBDF /* Close@2x.png */,
				EBAB5B391AA1806A00A0DBDF /* Close@3x.png */,
				EBAB5B3A1AA1806A00A0DBDF /* CS.png */,
				EBAB5B3B1AA1806A00A0DBDF /* CS@2x.png */,
				EBAB5B3C1AA1806A00A0DBDF /* CS@3x.png */,
				EBAB5B3D1AA1806A00A0DBDF /* Current.png */,
				EBAB5B3E1AA1806A00A0DBDF /* Current@2x.png */,
				EBAB5B3F1AA1806A00A0DBDF /* Current@3x.png */,
				EBAB5B401AA1806A00A0DBDF /* Delete.png */,
				EBAB5B411AA1806A00A0DBDF /* Delete@2x.png */,
				EBAB5B421AA1806A00A0DBDF /* Delete@3x.png */,
				EBAB5B431AA1806A00A0DBDF /* DeleteIcon.png */,
				EBAB5B441AA1806A00A0DBDF /* DeleteIcon@2x.png */,
				EBAB5B451AA1806A00A0DBDF /* DeleteIcon@3x.png */,
				EBAB5B461AA1806A00A0DBDF /* Divider.png */,
				EBAB5B471AA1806A00A0DBDF /* Divider@2x.png */,
				EBAB5B481AA1806A00A0DBDF /* Divider@3x.png */,
				EBAB5B491AA1806A00A0DBDF /* Input.png */,
				EBAB5B4A1AA1806A00A0DBDF /* Input@2x.png */,
				EBAB5B4B1AA1806A00A0DBDF /* Input@3x.png */,
				EBAB5B4C1AA1806A00A0DBDF /* NLine.png */,
				EBAB5B4D1AA1806A00A0DBDF /* NLine@2x.png */,
				EBAB5B4E1AA1806A00A0DBDF /* NLine@3x.png */,
				EBAB5B4F1AA1806A00A0DBDF /* Location_Divider.png */,
				EBAB5B501AA1806A00A0DBDF /* Location_Divider@2x.png */,
				EBAB5B511AA1806A00A0DBDF /* Location_divider@3x.png */,
				EBAB5B521AA1806A00A0DBDF /* Search.png */,
				EBAB5B531AA1806A00A0DBDF /* Search@2x.png */,
				EBAB5B541AA1806A00A0DBDF /* Search@3x.png */,
				EBAB5B551AA1806A00A0DBDF /* Sun.png */,
				EBAB5B561AA1806A00A0DBDF /* Sun@2x.png */,
				EBAB5B571AA1806A00A0DBDF /* Sun@3x.png */,
				EBAB5B581AA1806A00A0DBDF /* White-Overlay.png */,
				EBAB5B591AA1806A00A0DBDF /* White-Overlay@2x.png */,
				EBAB5B5A1AA1806A00A0DBDF /* White-Overlay@3x.png */,
				EBAB5B5B1AA1806A00A0DBDF /* Wind.png */,
				EBAB5B5C1AA1806A00A0DBDF /* Wind@2x.png */,
				EBAB5B5D1AA1806A00A0DBDF /* Wind@3x.png */,
			);
			path = Location_iPhone_iPhone_assets;
			sourceTree = "<group>";
		};
		EBAB5B5E1AA1806A00A0DBDF /* ProximaNova */ = {
			isa = PBXGroup;
			children = (
				EBAB5B5F1AA1806A00A0DBDF /* ProximaNova-Bold.otf */,
				EBAB5B601AA1806A00A0DBDF /* ProximaNova-Light.otf */,
				EBAB5B611AA1806A00A0DBDF /* ProximaNova-Regular.otf */,
				EBAB5B621AA1806A00A0DBDF /* ProximaNova-Semibold.otf */,
			);
			path = ProximaNova;
			sourceTree = "<group>";
		};
		EBAB5B631AA1806A00A0DBDF /* Settings_iPhone_iPhone_assets */ = {
			isa = PBXGroup;
			children = (
				EBAB5B651AA1806A00A0DBDF /* Bar.png */,
				EBAB5B661AA1806A00A0DBDF /* Bar@2x.png */,
				EBAB5B671AA1806A00A0DBDF /* Bar@3x.png */,
				EBAB5B681AA1806A00A0DBDF /* divider-bottom.png */,
				EBAB5B691AA1806A00A0DBDF /* divider-bottom@2x.png */,
				EBAB5B6A1AA1806A00A0DBDF /* divider-bottom@3x.png */,
				EBAB5B6B1AA1806A00A0DBDF /* divider-mid.png */,
				EBAB5B6C1AA1806A00A0DBDF /* divider-mid@2x.png */,
				EBAB5B6D1AA1806A00A0DBDF /* divider-mid@3x.png */,
				EBAB5B6E1AA1806A00A0DBDF /* divider-top.png */,
				EBAB5B6F1AA1806A00A0DBDF /* divider-top@2x.png */,
				EBAB5B701AA1806A00A0DBDF /* divider-top@3x.png */,
				EBAB5B711AA1806A00A0DBDF /* Forecast.png */,
				EBAB5B721AA1806A00A0DBDF /* Forecast@2x.png */,
				EBAB5B731AA1806A00A0DBDF /* Forecast@3x.png */,
				EBAB5B741AA1806A00A0DBDF /* Line.png */,
				EBAB5B751AA1806A00A0DBDF /* Line@2x.png */,
				EBAB5B761AA1806A00A0DBDF /* Line@3x.png */,
				EBAB5B771AA1806A00A0DBDF /* Settings.png */,
				EBAB5B781AA1806A00A0DBDF /* Settings@2x.png */,
				EBAB5B791AA1806A00A0DBDF /* Settings@3x.png */,
				EBAB5B7A1AA1806A00A0DBDF /* Today.png */,
				EBAB5B7B1AA1806A00A0DBDF /* Today@2x.png */,
				EBAB5B7C1AA1806A00A0DBDF /* Today@3x.png */,
			);
			path = Settings_iPhone_iPhone_assets;
			sourceTree = "<group>";
		};
		EBAB5B7D1AA1806A00A0DBDF /* Today_iPhone_iPhone_assets */ = {
			isa = PBXGroup;
			children = (
				EBAB5B7F1AA1806A00A0DBDF /* Bar.png */,
				EBAB5B801AA1806A00A0DBDF /* Bar@2x.png */,
				EBAB5B811AA1806A00A0DBDF /* Bar@3x.png */,
				EBAB5B821AA1806A00A0DBDF /* Celcius.png */,
				EBAB5B831AA1806A00A0DBDF /* Celcius@2x.png */,
				EBAB5B841AA1806A00A0DBDF /* Celcius@3x.png */,
				EBAB5B851AA1806A00A0DBDF /* Cloudy_Big.png */,
				EBAB5B861AA1806A00A0DBDF /* Cloudy_Big@2x.png */,
				EBAB5B871AA1806A00A0DBDF /* Cloudy_Big@3x.png */,
				EBAB5B881AA1806A00A0DBDF /* Compass.png */,
				EBAB5B891AA1806A00A0DBDF /* Compass@2x.png */,
				EBAB5B8A1AA1806A00A0DBDF /* Compass@3x.png */,
				EBAB5B8B1AA1806A00A0DBDF /* CR.png */,
				EBAB5B8C1AA1806A00A0DBDF /* CR@2x.png */,
				EBAB5B8D1AA1806A00A0DBDF /* CR@3x.png */,
				EBAB5B8E1AA1806A00A0DBDF /* Current.png */,
				EBAB5B8F1AA1806A00A0DBDF /* Current@2x.png */,
				EBAB5B901AA1806A00A0DBDF /* Current@3x.png */,
				EBAB5B911AA1806A00A0DBDF /* Divider.png */,
				EBAB5B921AA1806A00A0DBDF /* Divider@2x.png */,
				EBAB5B931AA1806A00A0DBDF /* Divider@3x.png */,
				EBAB5B941AA1806A00A0DBDF /* Forecast.png */,
				EBAB5B951AA1806A00A0DBDF /* Forecast@2x.png */,
				EBAB5B961AA1806A00A0DBDF /* Forecast@3x.png */,
				EBAB5B971AA1806A00A0DBDF /* Lightning_Big.png */,
				EBAB5B981AA1806A00A0DBDF /* Lightning_Big@2x.png */,
				EBAB5B991AA1806A00A0DBDF /* Lightning_Big@3x.png */,
				EBAB5B9A1AA1806A00A0DBDF /* Line.png */,
				EBAB5B9B1AA1806A00A0DBDF /* Line@2x.png */,
				EBAB5B9C1AA1806A00A0DBDF /* Line@3x.png */,
				EBAB5B9D1AA1806A00A0DBDF /* Location.png */,
				EBAB5B9E1AA1806A00A0DBDF /* Location@2x.png */,
				EBAB5B9F1AA1806A00A0DBDF /* Location@3x.png */,
				EBAB5BA01AA1806A00A0DBDF /* Rain.png */,
				EBAB5BA11AA1806A00A0DBDF /* Rain@2x.png */,
				EBAB5BA21AA1806A00A0DBDF /* Rain@3x.png */,
				EBAB5BA31AA1806A00A0DBDF /* Settings.png */,
				EBAB5BA41AA1806A00A0DBDF /* Settings@2x.png */,
				EBAB5BA51AA1806A00A0DBDF /* Settings@3x.png */,
				EBAB5BA61AA1806A00A0DBDF /* Sun.png */,
				EBAB5BA71AA1806A00A0DBDF /* Sun@2x.png */,
				EBAB5BA81AA1806A00A0DBDF /* Sun@3x.png */,
				EBAB5BA91AA1806A00A0DBDF /* Sun_Big.png */,
				EBAB5BAA1AA1806A00A0DBDF /* Sun_Big@2x.png */,
				EBAB5BAB1AA1806A00A0DBDF /* Sun_Big@3x.png */,
				EBAB5BAC1AA1806A00A0DBDF /* Wind.png */,
				EBAB5BAD1AA1806A00A0DBDF /* Wind@2x.png */,
				EBAB5BAE1AA1806A00A0DBDF /* Wind@3x.png */,
				EBAB5BAF1AA1806A00A0DBDF /* WInd_Big.png */,
				EBAB5BB01AA1806A00A0DBDF /* WInd_Big@2x.png */,
				EBAB5BB11AA1806A00A0DBDF /* WInd_Big@3x.png */,
			);
			path = Today_iPhone_iPhone_assets;
			sourceTree = "<group>";
		};
/* End PBXGroup section */

/* Begin PBXNativeTarget section */
		EBAB5AE31AA1801300A0DBDF /* Weather-forecast */ = {
			isa = PBXNativeTarget;
			buildConfigurationList = EBAB5B071AA1801300A0DBDF /* Build configuration list for PBXNativeTarget "Weather-forecast" */;
			buildPhases = (
				FAAD2CEEA4024543AF9B7679 /* Check Pods Manifest.lock */,
				EBAB5AE01AA1801300A0DBDF /* Sources */,
				EBAB5AE11AA1801300A0DBDF /* Frameworks */,
				EBAB5AE21AA1801300A0DBDF /* Resources */,
				0DD62333BBAA2F32EABE66B9 /* Copy Pods Resources */,
				EBCAA7E81AA8549D006BF8CF /* ShellScript */,
			);
			buildRules = (
			);
			dependencies = (
			);
			name = "Weather-forecast";
			productName = "Weather-forecast";
			productReference = EBAB5AE41AA1801300A0DBDF /* Weather-forecast.app */;
			productType = "com.apple.product-type.application";
		};
		EBAB5AFC1AA1801300A0DBDF /* Weather-forecastTests */ = {
			isa = PBXNativeTarget;
			buildConfigurationList = EBAB5B0A1AA1801300A0DBDF /* Build configuration list for PBXNativeTarget "Weather-forecastTests" */;
			buildPhases = (
				EBAB5AF91AA1801300A0DBDF /* Sources */,
				EBAB5AFA1AA1801300A0DBDF /* Frameworks */,
				EBAB5AFB1AA1801300A0DBDF /* Resources */,
			);
			buildRules = (
			);
			dependencies = (
				EBAB5AFF1AA1801300A0DBDF /* PBXTargetDependency */,
			);
			name = "Weather-forecastTests";
			productName = "Weather-forecastTests";
			productReference = EBAB5AFD1AA1801300A0DBDF /* Weather-forecastTests.xctest */;
			productType = "com.apple.product-type.bundle.unit-test";
		};
/* End PBXNativeTarget section */

/* Begin PBXProject section */
		EBAB5ADC1AA1801300A0DBDF /* Project object */ = {
			isa = PBXProject;
			attributes = {
				LastUpgradeCheck = 0610;
				ORGANIZATIONNAME = miguelrrc;
				TargetAttributes = {
					EBAB5AE31AA1801300A0DBDF = {
						CreatedOnToolsVersion = 6.1.1;
					};
					EBAB5AFC1AA1801300A0DBDF = {
						CreatedOnToolsVersion = 6.1.1;
						TestTargetID = EBAB5AE31AA1801300A0DBDF;
					};
				};
			};
			buildConfigurationList = EBAB5ADF1AA1801300A0DBDF /* Build configuration list for PBXProject "Weather-forecast" */;
			compatibilityVersion = "Xcode 3.2";
			developmentRegion = English;
			hasScannedForEncodings = 0;
			knownRegions = (
				en,
				Base,
			);
			mainGroup = EBAB5ADB1AA1801300A0DBDF;
			productRefGroup = EBAB5AE51AA1801300A0DBDF /* Products */;
			projectDirPath = "";
			projectRoot = "";
			targets = (
				EBAB5AE31AA1801300A0DBDF /* Weather-forecast */,
				EBAB5AFC1AA1801300A0DBDF /* Weather-forecastTests */,
			);
		};
/* End PBXProject section */

/* Begin PBXResourcesBuildPhase section */
		EBAB5AE21AA1801300A0DBDF /* Resources */ = {
			isa = PBXResourcesBuildPhase;
			buildActionMask = 2147483647;
			files = (
				EB42A6631AA9AEFC009F6180 /* Icon.png in Resources */,
				EB42A6641AA9AEFC009F6180 /* Button.png in Resources */,
				EB42A6651AA9AEFC009F6180 /* Button@2x.png in Resources */,
				EB42A6661AA9AEFC009F6180 /* Button@3x.png in Resources */,
				EB42A6671AA9AEFC009F6180 /* CL.png in Resources */,
				EB42A6681AA9AEFC009F6180 /* CL@2x.png in Resources */,
				EB42A6691AA9AEFC009F6180 /* CL@3x.png in Resources */,
				EB42A66A1AA9AEFC009F6180 /* Close.png in Resources */,
				EB42A66B1AA9AEFC009F6180 /* Close@2x.png in Resources */,
				EB42A66C1AA9AEFC009F6180 /* Close@3x.png in Resources */,
				EB42A66D1AA9AEFC009F6180 /* CS.png in Resources */,
				EB42A66E1AA9AEFC009F6180 /* CS@2x.png in Resources */,
				EB42A66F1AA9AEFC009F6180 /* CS@3x.png in Resources */,
				EB42A6731AA9AEFC009F6180 /* Delete.png in Resources */,
				EB42A6741AA9AEFC009F6180 /* Delete@2x.png in Resources */,
				EB42A6751AA9AEFC009F6180 /* Delete@3x.png in Resources */,
				EB42A6761AA9AEFC009F6180 /* DeleteIcon.png in Resources */,
				EB42A6771AA9AEFC009F6180 /* DeleteIcon@2x.png in Resources */,
				EB42A6781AA9AEFC009F6180 /* DeleteIcon@3x.png in Resources */,
				EB42A67C1AA9AEFC009F6180 /* Input.png in Resources */,
				EB42A67D1AA9AEFC009F6180 /* Input@2x.png in Resources */,
				EB42A67E1AA9AEFC009F6180 /* Input@3x.png in Resources */,
				EB42A67F1AA9AEFC009F6180 /* NLine.png in Resources */,
				EB42A6801AA9AEFC009F6180 /* NLine@2x.png in Resources */,
				EB42A6811AA9AEFC009F6180 /* NLine@3x.png in Resources */,
				EB42A6821AA9AEFC009F6180 /* Location_Divider.png in Resources */,
				EB42A6831AA9AEFC009F6180 /* Location_Divider@2x.png in Resources */,
				EB42A6841AA9AEFC009F6180 /* Location_divider@3x.png in Resources */,
				EB42A6851AA9AEFC009F6180 /* Search.png in Resources */,
				EB42A6861AA9AEFC009F6180 /* Search@2x.png in Resources */,
				EB42A6871AA9AEFC009F6180 /* Search@3x.png in Resources */,
				EB42A68B1AA9AEFC009F6180 /* White-Overlay.png in Resources */,
				EB42A68C1AA9AEFC009F6180 /* White-Overlay@2x.png in Resources */,
				EB42A68D1AA9AEFC009F6180 /* White-Overlay@3x.png in Resources */,
				EB42A6911AA9AEFC009F6180 /* Bar.png in Resources */,
				EB42A6921AA9AEFC009F6180 /* Bar@2x.png in Resources */,
				EB42A6931AA9AEFC009F6180 /* Bar@3x.png in Resources */,
				EB42A6941AA9AEFC009F6180 /* divider-bottom.png in Resources */,
				EB42A6951AA9AEFC009F6180 /* divider-bottom@2x.png in Resources */,
				EB42A6961AA9AEFC009F6180 /* divider-bottom@3x.png in Resources */,
				EB42A6971AA9AEFC009F6180 /* divider-mid.png in Resources */,
				EB42A6981AA9AEFC009F6180 /* divider-mid@2x.png in Resources */,
				EB42A6991AA9AEFC009F6180 /* divider-mid@3x.png in Resources */,
				EB42A69A1AA9AEFC009F6180 /* divider-top.png in Resources */,
				EB42A69B1AA9AEFC009F6180 /* divider-top@2x.png in Resources */,
				EB42A69C1AA9AEFC009F6180 /* divider-top@3x.png in Resources */,
				EB42A69D1AA9AEFC009F6180 /* Forecast.png in Resources */,
				EB42A69E1AA9AEFC009F6180 /* Forecast@2x.png in Resources */,
				EB42A69F1AA9AEFC009F6180 /* Forecast@3x.png in Resources */,
				EB42A6A31AA9AEFC009F6180 /* Settings.png in Resources */,
				EB42A6A41AA9AEFC009F6180 /* Settings@2x.png in Resources */,
				EB42A6A51AA9AEFC009F6180 /* Settings@3x.png in Resources */,
				EB42A6A61AA9AEFC009F6180 /* Today.png in Resources */,
				EB42A6A71AA9AEFC009F6180 /* Today@2x.png in Resources */,
				EB42A6A81AA9AEFC009F6180 /* Today@3x.png in Resources */,
				EB42A6AC1AA9AEFC009F6180 /* Celcius.png in Resources */,
				EB42A6AD1AA9AEFC009F6180 /* Celcius@2x.png in Resources */,
				EB42A6AE1AA9AEFC009F6180 /* Celcius@3x.png in Resources */,
				EB42A6AF1AA9AEFC009F6180 /* Cloudy_Big.png in Resources */,
				EB42A6B01AA9AEFC009F6180 /* Cloudy_Big@2x.png in Resources */,
				EB42A6B11AA9AEFC009F6180 /* Cloudy_Big@3x.png in Resources */,
				EB42A6B21AA9AEFC009F6180 /* Compass.png in Resources */,
				EB42A6B31AA9AEFC009F6180 /* Compass@2x.png in Resources */,
				EB42A6B41AA9AEFC009F6180 /* Compass@3x.png in Resources */,
				EB42A6B51AA9AEFC009F6180 /* CR.png in Resources */,
				EB42A6B61AA9AEFC009F6180 /* CR@2x.png in Resources */,
				EB42A6B71AA9AEFC009F6180 /* CR@3x.png in Resources */,
				EB42A6B81AA9AEFC009F6180 /* Current.png in Resources */,
				EB42A6B91AA9AEFC009F6180 /* Current@2x.png in Resources */,
				EB42A6BA1AA9AEFC009F6180 /* Current@3x.png in Resources */,
				EB42A6BB1AA9AEFC009F6180 /* Divider.png in Resources */,
				EB42A6BC1AA9AEFC009F6180 /* Divider@2x.png in Resources */,
				EB42A6BD1AA9AEFC009F6180 /* Divider@3x.png in Resources */,
				EB42A6C11AA9AEFC009F6180 /* Lightning_Big.png in Resources */,
				EB42A6C21AA9AEFC009F6180 /* Lightning_Big@2x.png in Resources */,
				EB42A6C31AA9AEFC009F6180 /* Lightning_Big@3x.png in Resources */,
				EB42A6C41AA9AEFC009F6180 /* Line.png in Resources */,
				EB42A6C51AA9AEFC009F6180 /* Line@2x.png in Resources */,
				EB42A6C61AA9AEFC009F6180 /* Line@3x.png in Resources */,
				EB42A6C71AA9AEFC009F6180 /* Location.png in Resources */,
				EB42A6C81AA9AEFC009F6180 /* Location@2x.png in Resources */,
				EB42A6C91AA9AEFC009F6180 /* Location@3x.png in Resources */,
				EB42A6CA1AA9AEFC009F6180 /* Rain.png in Resources */,
				EB42A6CB1AA9AEFC009F6180 /* Rain@2x.png in Resources */,
				EB42A6CC1AA9AEFC009F6180 /* Rain@3x.png in Resources */,
				EB42A6D01AA9AEFC009F6180 /* Sun.png in Resources */,
				EB42A6D11AA9AEFC009F6180 /* Sun@2x.png in Resources */,
				EB42A6D21AA9AEFC009F6180 /* Sun@3x.png in Resources */,
				EB42A6D31AA9AEFC009F6180 /* Sun_Big.png in Resources */,
				EB42A6D41AA9AEFC009F6180 /* Sun_Big@2x.png in Resources */,
				EB42A6D51AA9AEFC009F6180 /* Sun_Big@3x.png in Resources */,
				EB42A6D61AA9AEFC009F6180 /* Wind.png in Resources */,
				EB42A6D71AA9AEFC009F6180 /* Wind@2x.png in Resources */,
				EB42A6D81AA9AEFC009F6180 /* Wind@3x.png in Resources */,
				EB42A6D91AA9AEFC009F6180 /* WInd_Big.png in Resources */,
				EB42A6DA1AA9AEFC009F6180 /* WInd_Big@2x.png in Resources */,
				EB42A6DB1AA9AEFC009F6180 /* WInd_Big@3x.png in Resources */,
				EBCAA7DA1AA73460006BF8CF /* weather.sqlite in Resources */,
				EBAB5AF31AA1801300A0DBDF /* Main.storyboard in Resources */,
				EBAB5AF81AA1801300A0DBDF /* LaunchScreen.xib in Resources */,
				EBAA1E251AA4E2E400AAA031 /* Images.xcassets in Resources */,
			);
			runOnlyForDeploymentPostprocessing = 0;
		};
		EBAB5AFB1AA1801300A0DBDF /* Resources */ = {
			isa = PBXResourcesBuildPhase;
			buildActionMask = 2147483647;
			files = (
			);
			runOnlyForDeploymentPostprocessing = 0;
		};
/* End PBXResourcesBuildPhase section */

/* Begin PBXShellScriptBuildPhase section */
		0DD62333BBAA2F32EABE66B9 /* Copy Pods Resources */ = {
			isa = PBXShellScriptBuildPhase;
			buildActionMask = 2147483647;
			files = (
			);
			inputPaths = (
			);
			name = "Copy Pods Resources";
			outputPaths = (
			);
			runOnlyForDeploymentPostprocessing = 0;
			shellPath = /bin/sh;
			shellScript = "\"${SRCROOT}/Pods/Target Support Files/Pods/Pods-resources.sh\"\n";
			showEnvVarsInLog = 0;
		};
		EBCAA7E81AA8549D006BF8CF /* ShellScript */ = {
			isa = PBXShellScriptBuildPhase;
			buildActionMask = 2147483647;
			files = (
			);
			inputPaths = (
			);
			outputPaths = (
			);
			runOnlyForDeploymentPostprocessing = 0;
			shellPath = /bin/sh;
			shellScript = "KEYWORDS=\"TODO:|FIXME:|DevTeam:|XXX:\"\nfind \"${SRCROOT}\" \\( -name \"*.h\" -or -name \"*.m\" \\) -print0 | xargs -0 egrep --with-filename --line-number --only-matching \"($KEYWORDS).*\\$\" | perl -p -e \"s/($KEYWORDS)/ warning: \\$1/\"";
		};
		FAAD2CEEA4024543AF9B7679 /* Check Pods Manifest.lock */ = {
			isa = PBXShellScriptBuildPhase;
			buildActionMask = 2147483647;
			files = (
			);
			inputPaths = (
			);
			name = "Check Pods Manifest.lock";
			outputPaths = (
			);
			runOnlyForDeploymentPostprocessing = 0;
			shellPath = /bin/sh;
			shellScript = "diff \"${PODS_ROOT}/../Podfile.lock\" \"${PODS_ROOT}/Manifest.lock\" > /dev/null\nif [[ $? != 0 ]] ; then\n    cat << EOM\nerror: The sandbox is not in sync with the Podfile.lock. Run 'pod install' or update your CocoaPods installation.\nEOM\n    exit 1\nfi\n";
			showEnvVarsInLog = 0;
		};
/* End PBXShellScriptBuildPhase section */

/* Begin PBXSourcesBuildPhase section */
		EBAB5AE01AA1801300A0DBDF /* Sources */ = {
			isa = PBXSourcesBuildPhase;
			buildActionMask = 2147483647;
			files = (
				EB3D86CD1AA8D4D100239289 /* MyLocationManager.m in Sources */,
				EBCAA7EB1AA86149006BF8CF /* WEAGeneralSettingsTableViewController.m in Sources */,
				EBAA1E3D1AA6032B00AAA031 /* LocationTableViewCell.m in Sources */,
				EBEF052D1AAF7DC600BFED4A /* SharedCity.m in Sources */,
				EBAA1E371AA59E5700AAA031 /* WEALocationTableViewController.m in Sources */,
				EB077A141AA44443008501E6 /* Weather.m in Sources */,
				EBCAA7F11AA875AD006BF8CF /* WEAChooseSettingsTableViewController.m in Sources */,
				EB5C52591AA3326F005A347F /* WEATodayViewController.m in Sources */,
				EBAA1E281AA4EDAC00AAA031 /* WEAForecastTableViewController.m in Sources */,
				EB3D86C71AA8D4A700239289 /* DatabaseManager.m in Sources */,
				EBAB5AED1AA1801300A0DBDF /* AppDelegate.m in Sources */,
				EB077A201AA485AB008501E6 /* WeatherImage.m in Sources */,
				EB3D86BC1AA8D40C00239289 /* Constants.m in Sources */,
				EB3D86DE1AA8D57500239289 /* Weather+Utilities.m in Sources */,
				EB3D86DC1AA8D57500239289 /* Forecast+Utilities.m in Sources */,
				EBAA1E2C1AA4EE7F00AAA031 /* CellForecastTableViewCell.m in Sources */,
				EB3D86DB1AA8D57500239289 /* NSDate+Format.m in Sources */,
				EB3D86DD1AA8D57500239289 /* UIImage+Utilities.m in Sources */,
				EBAB5AEA1AA1801300A0DBDF /* main.m in Sources */,
				EB3D86C91AA8D4A700239289 /* WeatherClient.m in Sources */,
				EB077A1D1AA47619008501E6 /* City.m in Sources */,
				EB3D86C81AA8D4A700239289 /* DBWeather.m in Sources */,
				EBCAA7E71AA788F0006BF8CF /* Forecast.m in Sources */,
			);
			runOnlyForDeploymentPostprocessing = 0;
		};
		EBAB5AF91AA1801300A0DBDF /* Sources */ = {
			isa = PBXSourcesBuildPhase;
			buildActionMask = 2147483647;
			files = (
				EBAB5B041AA1801300A0DBDF /* Weather_forecastTests.m in Sources */,
			);
			runOnlyForDeploymentPostprocessing = 0;
		};
/* End PBXSourcesBuildPhase section */

/* Begin PBXTargetDependency section */
		EBAB5AFF1AA1801300A0DBDF /* PBXTargetDependency */ = {
			isa = PBXTargetDependency;
			target = EBAB5AE31AA1801300A0DBDF /* Weather-forecast */;
			targetProxy = EBAB5AFE1AA1801300A0DBDF /* PBXContainerItemProxy */;
		};
/* End PBXTargetDependency section */

/* Begin PBXVariantGroup section */
		EBAB5AF11AA1801300A0DBDF /* Main.storyboard */ = {
			isa = PBXVariantGroup;
			children = (
				EBAB5AF21AA1801300A0DBDF /* Base */,
			);
			name = Main.storyboard;
			sourceTree = "<group>";
		};
		EBAB5AF61AA1801300A0DBDF /* LaunchScreen.xib */ = {
			isa = PBXVariantGroup;
			children = (
				EBAB5AF71AA1801300A0DBDF /* Base */,
			);
			name = LaunchScreen.xib;
			sourceTree = "<group>";
		};
/* End PBXVariantGroup section */

/* Begin XCBuildConfiguration section */
		EBAB5B051AA1801300A0DBDF /* Debug */ = {
			isa = XCBuildConfiguration;
			baseConfigurationReference = 35B958E9430BD17FB762CD15 /* Pods.debug.xcconfig */;
			buildSettings = {
				ALWAYS_SEARCH_USER_PATHS = NO;
				CLANG_CXX_LANGUAGE_STANDARD = "gnu++0x";
				CLANG_CXX_LIBRARY = "libc++";
				CLANG_ENABLE_MODULES = YES;
				CLANG_ENABLE_OBJC_ARC = YES;
				CLANG_WARN_BOOL_CONVERSION = YES;
				CLANG_WARN_CONSTANT_CONVERSION = YES;
				CLANG_WARN_DIRECT_OBJC_ISA_USAGE = YES_ERROR;
				CLANG_WARN_EMPTY_BODY = YES;
				CLANG_WARN_ENUM_CONVERSION = YES;
				CLANG_WARN_INT_CONVERSION = YES;
				CLANG_WARN_OBJC_ROOT_CLASS = YES_ERROR;
				CLANG_WARN_UNREACHABLE_CODE = YES;
				CLANG_WARN__DUPLICATE_METHOD_MATCH = YES;
				"CODE_SIGN_IDENTITY[sdk=iphoneos*]" = "iPhone Developer";
				COPY_PHASE_STRIP = NO;
				ENABLE_STRICT_OBJC_MSGSEND = YES;
				GCC_C_LANGUAGE_STANDARD = gnu99;
				GCC_DYNAMIC_NO_PIC = NO;
				GCC_OPTIMIZATION_LEVEL = 0;
				GCC_PREPROCESSOR_DEFINITIONS = (
					"DEBUG=1",
					"$(inherited)",
				);
				GCC_SYMBOLS_PRIVATE_EXTERN = NO;
				GCC_WARN_64_TO_32_BIT_CONVERSION = YES;
				GCC_WARN_ABOUT_RETURN_TYPE = YES_ERROR;
				GCC_WARN_UNDECLARED_SELECTOR = YES;
				GCC_WARN_UNINITIALIZED_AUTOS = YES_AGGRESSIVE;
				GCC_WARN_UNUSED_FUNCTION = YES;
				GCC_WARN_UNUSED_VARIABLE = YES;
				IPHONEOS_DEPLOYMENT_TARGET = 7.1;
				MTL_ENABLE_DEBUG_INFO = YES;
				ONLY_ACTIVE_ARCH = YES;
				SDKROOT = iphoneos;
			};
			name = Debug;
		};
		EBAB5B061AA1801300A0DBDF /* Release */ = {
			isa = XCBuildConfiguration;
			baseConfigurationReference = B1405959747E61F8ED7E79A6 /* Pods.release.xcconfig */;
			buildSettings = {
				ALWAYS_SEARCH_USER_PATHS = NO;
				CLANG_CXX_LANGUAGE_STANDARD = "gnu++0x";
				CLANG_CXX_LIBRARY = "libc++";
				CLANG_ENABLE_MODULES = YES;
				CLANG_ENABLE_OBJC_ARC = YES;
				CLANG_WARN_BOOL_CONVERSION = YES;
				CLANG_WARN_CONSTANT_CONVERSION = YES;
				CLANG_WARN_DIRECT_OBJC_ISA_USAGE = YES_ERROR;
				CLANG_WARN_EMPTY_BODY = YES;
				CLANG_WARN_ENUM_CONVERSION = YES;
				CLANG_WARN_INT_CONVERSION = YES;
				CLANG_WARN_OBJC_ROOT_CLASS = YES_ERROR;
				CLANG_WARN_UNREACHABLE_CODE = YES;
				CLANG_WARN__DUPLICATE_METHOD_MATCH = YES;
				"CODE_SIGN_IDENTITY[sdk=iphoneos*]" = "iPhone Developer";
				COPY_PHASE_STRIP = YES;
				ENABLE_NS_ASSERTIONS = NO;
				ENABLE_STRICT_OBJC_MSGSEND = YES;
				GCC_C_LANGUAGE_STANDARD = gnu99;
				GCC_WARN_64_TO_32_BIT_CONVERSION = YES;
				GCC_WARN_ABOUT_RETURN_TYPE = YES_ERROR;
				GCC_WARN_UNDECLARED_SELECTOR = YES;
				GCC_WARN_UNINITIALIZED_AUTOS = YES_AGGRESSIVE;
				GCC_WARN_UNUSED_FUNCTION = YES;
				GCC_WARN_UNUSED_VARIABLE = YES;
				IPHONEOS_DEPLOYMENT_TARGET = 7.1;
				MTL_ENABLE_DEBUG_INFO = NO;
				SDKROOT = iphoneos;
				VALIDATE_PRODUCT = YES;
			};
			name = Release;
		};
		EBAB5B081AA1801300A0DBDF /* Debug */ = {
			isa = XCBuildConfiguration;
			baseConfigurationReference = 35B958E9430BD17FB762CD15 /* Pods.debug.xcconfig */;
			buildSettings = {
				ASSETCATALOG_COMPILER_APPICON_NAME = AppIcon;
				ASSETCATALOG_COMPILER_LAUNCHIMAGE_NAME = LaunchImage;
				INFOPLIST_FILE = "Weather-forecast/Info.plist";
				IPHONEOS_DEPLOYMENT_TARGET = 7.1;
				LD_RUNPATH_SEARCH_PATHS = "$(inherited) @executable_path/Frameworks";
				PRODUCT_NAME = "$(TARGET_NAME)";
				TARGETED_DEVICE_FAMILY = 1;
			};
			name = Debug;
		};
		EBAB5B091AA1801300A0DBDF /* Release */ = {
			isa = XCBuildConfiguration;
			baseConfigurationReference = B1405959747E61F8ED7E79A6 /* Pods.release.xcconfig */;
			buildSettings = {
				ASSETCATALOG_COMPILER_APPICON_NAME = AppIcon;
				ASSETCATALOG_COMPILER_LAUNCHIMAGE_NAME = LaunchImage;
				INFOPLIST_FILE = "Weather-forecast/Info.plist";
				IPHONEOS_DEPLOYMENT_TARGET = 7.1;
				LD_RUNPATH_SEARCH_PATHS = "$(inherited) @executable_path/Frameworks";
				PRODUCT_NAME = "$(TARGET_NAME)";
				TARGETED_DEVICE_FAMILY = 1;
			};
			name = Release;
		};
		EBAB5B0B1AA1801300A0DBDF /* Debug */ = {
			isa = XCBuildConfiguration;
			baseConfigurationReference = 35B958E9430BD17FB762CD15 /* Pods.debug.xcconfig */;
			buildSettings = {
				BUNDLE_LOADER = "$(TEST_HOST)";
				FRAMEWORK_SEARCH_PATHS = (
					"$(SDKROOT)/Developer/Library/Frameworks",
					"$(inherited)",
				);
				GCC_PREPROCESSOR_DEFINITIONS = (
					"DEBUG=1",
					"$(inherited)",
				);
				INFOPLIST_FILE = "Weather-forecastTests/Info.plist";
				LD_RUNPATH_SEARCH_PATHS = "$(inherited) @executable_path/Frameworks @loader_path/Frameworks";
				PRODUCT_NAME = "$(TARGET_NAME)";
				TEST_HOST = "$(BUILT_PRODUCTS_DIR)/Weather-forecast.app/Weather-forecast";
			};
			name = Debug;
		};
		EBAB5B0C1AA1801300A0DBDF /* Release */ = {
			isa = XCBuildConfiguration;
			buildSettings = {
				BUNDLE_LOADER = "$(TEST_HOST)";
				FRAMEWORK_SEARCH_PATHS = (
					"$(SDKROOT)/Developer/Library/Frameworks",
					"$(inherited)",
				);
				INFOPLIST_FILE = "Weather-forecastTests/Info.plist";
				LD_RUNPATH_SEARCH_PATHS = "$(inherited) @executable_path/Frameworks @loader_path/Frameworks";
				PRODUCT_NAME = "$(TARGET_NAME)";
				TEST_HOST = "$(BUILT_PRODUCTS_DIR)/Weather-forecast.app/Weather-forecast";
			};
			name = Release;
		};
/* End XCBuildConfiguration section */

/* Begin XCConfigurationList section */
		EBAB5ADF1AA1801300A0DBDF /* Build configuration list for PBXProject "Weather-forecast" */ = {
			isa = XCConfigurationList;
			buildConfigurations = (
				EBAB5B051AA1801300A0DBDF /* Debug */,
				EBAB5B061AA1801300A0DBDF /* Release */,
			);
			defaultConfigurationIsVisible = 0;
			defaultConfigurationName = Release;
		};
		EBAB5B071AA1801300A0DBDF /* Build configuration list for PBXNativeTarget "Weather-forecast" */ = {
			isa = XCConfigurationList;
			buildConfigurations = (
				EBAB5B081AA1801300A0DBDF /* Debug */,
				EBAB5B091AA1801300A0DBDF /* Release */,
			);
			defaultConfigurationIsVisible = 0;
			defaultConfigurationName = Release;
		};
		EBAB5B0A1AA1801300A0DBDF /* Build configuration list for PBXNativeTarget "Weather-forecastTests" */ = {
			isa = XCConfigurationList;
			buildConfigurations = (
				EBAB5B0B1AA1801300A0DBDF /* Debug */,
				EBAB5B0C1AA1801300A0DBDF /* Release */,
			);
			defaultConfigurationIsVisible = 0;
			defaultConfigurationName = Release;
		};
/* End XCConfigurationList section */
	};
	rootObject = EBAB5ADC1AA1801300A0DBDF /* Project object */;
}
